// !$*UTF8*$!
{
	archiveVersion = 1;
	classes = {
	};
	objectVersion = 52;
	objects = {

/* Begin PBXBuildFile section */
		DB17654728B9A01A004D2115 /* ServerConfig.swift in Sources */ = {isa = PBXBuildFile; fileRef = DB17654628B9A01A004D2115 /* ServerConfig.swift */; };
		DB5048F628B58D6500DFCC77 /* GoogleService-Info.plist in Resources */ = {isa = PBXBuildFile; fileRef = DB5048F528B58D6500DFCC77 /* GoogleService-Info.plist */; };
		DB5048F928B58E0C00DFCC77 /* FirebaseAnalytics in Frameworks */ = {isa = PBXBuildFile; productRef = DB5048F828B58E0C00DFCC77 /* FirebaseAnalytics */; };
		DB5048FB28B58E0C00DFCC77 /* FirebaseCrashlytics in Frameworks */ = {isa = PBXBuildFile; productRef = DB5048FA28B58E0C00DFCC77 /* FirebaseCrashlytics */; };
		DB5048FD28B58F2A00DFCC77 /* GALogger.swift in Sources */ = {isa = PBXBuildFile; fileRef = DB5048FC28B58F2A00DFCC77 /* GALogger.swift */; };
		DB64939028ADBB34007DE991 /* AppShoppingCart.swift in Sources */ = {isa = PBXBuildFile; fileRef = DB64938F28ADBB34007DE991 /* AppShoppingCart.swift */; };
		DB64939228ADBDCE007DE991 /* ShoppingCartTableViewCell.swift in Sources */ = {isa = PBXBuildFile; fileRef = DB64939128ADBDCE007DE991 /* ShoppingCartTableViewCell.swift */; };
		DB64939428ADC087007DE991 /* ShoppingCartFooterTableViewCell.swift in Sources */ = {isa = PBXBuildFile; fileRef = DB64939328ADC087007DE991 /* ShoppingCartFooterTableViewCell.swift */; };
		DB64939628ADC731007DE991 /* ShoppingCartTableViewController.swift in Sources */ = {isa = PBXBuildFile; fileRef = DB64939528ADC731007DE991 /* ShoppingCartTableViewController.swift */; };
		DB707042289D27CA00C5E633 /* ItemCardViewController.swift in Sources */ = {isa = PBXBuildFile; fileRef = DB707041289D27CA00C5E633 /* ItemCardViewController.swift */; };
		DB707044289D313800C5E633 /* ItemCardView.swift in Sources */ = {isa = PBXBuildFile; fileRef = DB707043289D313800C5E633 /* ItemCardView.swift */; };
		DB707046289D3AEA00C5E633 /* AddFeedbackViewController.swift in Sources */ = {isa = PBXBuildFile; fileRef = DB707045289D3AEA00C5E633 /* AddFeedbackViewController.swift */; };
		DB707048289D3D1700C5E633 /* AddFeedbackView.swift in Sources */ = {isa = PBXBuildFile; fileRef = DB707047289D3D1700C5E633 /* AddFeedbackView.swift */; };
		DB70704A289D407900C5E633 /* GetFeedbackTableViewCell.swift in Sources */ = {isa = PBXBuildFile; fileRef = DB707049289D407900C5E633 /* GetFeedbackTableViewCell.swift */; };
		DB70704E289D420C00C5E633 /* GetFeedbackTableViewController.swift in Sources */ = {isa = PBXBuildFile; fileRef = DB70704D289D420C00C5E633 /* GetFeedbackTableViewController.swift */; };
		DB898131288EB9610073B19F /* ShoppingCart.swift in Sources */ = {isa = PBXBuildFile; fileRef = DB898130288EB9610073B19F /* ShoppingCart.swift */; };
		DB898133288EC34F0073B19F /* ShoppingCartRequestFactory.swift in Sources */ = {isa = PBXBuildFile; fileRef = DB898132288EC34F0073B19F /* ShoppingCartRequestFactory.swift */; };
		DB898135288EC61D0073B19F /* ShoppingCartRequest.swift in Sources */ = {isa = PBXBuildFile; fileRef = DB898134288EC61D0073B19F /* ShoppingCartRequest.swift */; };
		DB898137288EC6660073B19F /* ShoppingCartResult.swift in Sources */ = {isa = PBXBuildFile; fileRef = DB898136288EC6660073B19F /* ShoppingCartResult.swift */; };
		DB898139288ECC3C0073B19F /* TestsForShoppingCartRequests.swift in Sources */ = {isa = PBXBuildFile; fileRef = DB898138288ECC3C0073B19F /* TestsForShoppingCartRequests.swift */; };
		DB93AD3D2894AA5400C4B799 /* CatalogueTableViewCell.swift in Sources */ = {isa = PBXBuildFile; fileRef = DB93AD3C2894AA5400C4B799 /* CatalogueTableViewCell.swift */; };
		DB93AD402894AAE600C4B799 /* SDWebImage in Frameworks */ = {isa = PBXBuildFile; productRef = DB93AD3F2894AAE600C4B799 /* SDWebImage */; };
		DB93AD422894AFDF00C4B799 /* CatalogueTableViewController.swift in Sources */ = {isa = PBXBuildFile; fileRef = DB93AD412894AFDF00C4B799 /* CatalogueTableViewController.swift */; };
		DB93AD442894B43100C4B799 /* Extensions+Int.swift in Sources */ = {isa = PBXBuildFile; fileRef = DB93AD432894B43100C4B799 /* Extensions+Int.swift */; };
		DB93AD462894B51B00C4B799 /* RoundItemImageView.swift in Sources */ = {isa = PBXBuildFile; fileRef = DB93AD452894B51B00C4B799 /* RoundItemImageView.swift */; };
		DBAA1E12287CE03F00B1E0B1 /* CatalogueRequestFactory.swift in Sources */ = {isa = PBXBuildFile; fileRef = DBAA1E11287CE03F00B1E0B1 /* CatalogueRequestFactory.swift */; };
		DBAA1E14287CE19800B1E0B1 /* ItemById.swift in Sources */ = {isa = PBXBuildFile; fileRef = DBAA1E13287CE19800B1E0B1 /* ItemById.swift */; };
		DBAA1E16287CE47800B1E0B1 /* ItemByIdRequestFactory.swift in Sources */ = {isa = PBXBuildFile; fileRef = DBAA1E15287CE47800B1E0B1 /* ItemByIdRequestFactory.swift */; };
		DBAA1E18287CE6D800B1E0B1 /* CatalogueResult.swift in Sources */ = {isa = PBXBuildFile; fileRef = DBAA1E17287CE6D800B1E0B1 /* CatalogueResult.swift */; };
		DBAA1E1A287CE98600B1E0B1 /* ItemByIdResult.swift in Sources */ = {isa = PBXBuildFile; fileRef = DBAA1E19287CE98600B1E0B1 /* ItemByIdResult.swift */; };
		DBAA1E1E287CF33800B1E0B1 /* TestsForAuthRequests.swift in Sources */ = {isa = PBXBuildFile; fileRef = DBAA1E1D287CF33800B1E0B1 /* TestsForAuthRequests.swift */; };
		DBAA1E20287CFA6C00B1E0B1 /* ResponseCodableTests.swift in Sources */ = {isa = PBXBuildFile; fileRef = DBAA1E1F287CFA6C00B1E0B1 /* ResponseCodableTests.swift */; };
		DBB397E12888BF70006A8002 /* Feedback.swift in Sources */ = {isa = PBXBuildFile; fileRef = DBB397E02888BF70006A8002 /* Feedback.swift */; };
		DBB397E32888C1D7006A8002 /* FeedbackRequestFactory.swift in Sources */ = {isa = PBXBuildFile; fileRef = DBB397E22888C1D7006A8002 /* FeedbackRequestFactory.swift */; };
		DBB397E52888C24C006A8002 /* FeedbackResult.swift in Sources */ = {isa = PBXBuildFile; fileRef = DBB397E42888C24C006A8002 /* FeedbackResult.swift */; };
		DBB397E72888C59A006A8002 /* TestsForCatalogueRequests.swift in Sources */ = {isa = PBXBuildFile; fileRef = DBB397E62888C599006A8002 /* TestsForCatalogueRequests.swift */; };
		DBB397E92888C76F006A8002 /* TestsForFeedbackRequests.swift in Sources */ = {isa = PBXBuildFile; fileRef = DBB397E82888C76F006A8002 /* TestsForFeedbackRequests.swift */; };
		DBBAD0B72863B83900242D6D /* Auth.swift in Sources */ = {isa = PBXBuildFile; fileRef = DBBAD0B62863B83900242D6D /* Auth.swift */; };
		DBBAD0BA2863B88200242D6D /* Alamofire in Frameworks */ = {isa = PBXBuildFile; productRef = DBBAD0B92863B88200242D6D /* Alamofire */; };
		DBBAD0BC2863B9A300242D6D /* AuthRequestFactory.swift in Sources */ = {isa = PBXBuildFile; fileRef = DBBAD0BB2863B9A300242D6D /* AuthRequestFactory.swift */; };
		DBBAD0BF2863B9FE00242D6D /* Registration.swift in Sources */ = {isa = PBXBuildFile; fileRef = DBBAD0BE2863B9FE00242D6D /* Registration.swift */; };
		DBBAD0C12863BAF200242D6D /* RegistrationRequestFactory.swift in Sources */ = {isa = PBXBuildFile; fileRef = DBBAD0C02863BAF200242D6D /* RegistrationRequestFactory.swift */; };
		DBBAD0C42863BB4F00242D6D /* RequestFactory.swift in Sources */ = {isa = PBXBuildFile; fileRef = DBBAD0C32863BB4F00242D6D /* RequestFactory.swift */; };
		DBBAD0C72863BC1E00242D6D /* ChangeUserData.swift in Sources */ = {isa = PBXBuildFile; fileRef = DBBAD0C62863BC1E00242D6D /* ChangeUserData.swift */; };
		DBBAD0C92863BCEE00242D6D /* ChangeUserDataRequestFactory.swift in Sources */ = {isa = PBXBuildFile; fileRef = DBBAD0C82863BCEE00242D6D /* ChangeUserDataRequestFactory.swift */; };
		DBBAD0D12863BDC700242D6D /* User.swift in Sources */ = {isa = PBXBuildFile; fileRef = DBBAD0D02863BDC700242D6D /* User.swift */; };
		DBBAD0D52863BE8100242D6D /* AbstractRequestFactory.swift in Sources */ = {isa = PBXBuildFile; fileRef = DBBAD0D42863BE8100242D6D /* AbstractRequestFactory.swift */; };
		DBBAD0D82863BF1500242D6D /* AbstractErrorParser.swift in Sources */ = {isa = PBXBuildFile; fileRef = DBBAD0D72863BF1500242D6D /* AbstractErrorParser.swift */; };
		DBBAD0DA2863BF4300242D6D /* ErrorParser.swift in Sources */ = {isa = PBXBuildFile; fileRef = DBBAD0D92863BF4300242D6D /* ErrorParser.swift */; };
		DBBAD0DC2863BF7500242D6D /* ResponseCodable.swift in Sources */ = {isa = PBXBuildFile; fileRef = DBBAD0DB2863BF7500242D6D /* ResponseCodable.swift */; };
		DBBAD0DF2863BFED00242D6D /* RequestRouter.swift in Sources */ = {isa = PBXBuildFile; fileRef = DBBAD0DE2863BFED00242D6D /* RequestRouter.swift */; };
		DBC13B9A289061B400AB2D7E /* ApplicationStarter.swift in Sources */ = {isa = PBXBuildFile; fileRef = DBC13B99289061B400AB2D7E /* ApplicationStarter.swift */; };
		DBC13B9C2890629800AB2D7E /* AuthViewController.swift in Sources */ = {isa = PBXBuildFile; fileRef = DBC13B9B2890629800AB2D7E /* AuthViewController.swift */; };
		DBC13B9E2890666300AB2D7E /* AuthView.swift in Sources */ = {isa = PBXBuildFile; fileRef = DBC13B9D2890666300AB2D7E /* AuthView.swift */; };
		DBC13BA02890937200AB2D7E /* GetUserDataViewController.swift in Sources */ = {isa = PBXBuildFile; fileRef = DBC13B9F2890937200AB2D7E /* GetUserDataViewController.swift */; };
		DBC13BA228909ADE00AB2D7E /* GetUserDataView.swift in Sources */ = {isa = PBXBuildFile; fileRef = DBC13BA128909ADE00AB2D7E /* GetUserDataView.swift */; };
		DBC13BA42890C7B900AB2D7E /* RegistrationViewController.swift in Sources */ = {isa = PBXBuildFile; fileRef = DBC13BA32890C7B900AB2D7E /* RegistrationViewController.swift */; };
		DBC13BA62890C92B00AB2D7E /* RegistrationView.swift in Sources */ = {isa = PBXBuildFile; fileRef = DBC13BA52890C92B00AB2D7E /* RegistrationView.swift */; };
		DBC13BA82890CF1F00AB2D7E /* TabBarViewController.swift in Sources */ = {isa = PBXBuildFile; fileRef = DBC13BA72890CF1F00AB2D7E /* TabBarViewController.swift */; };
		DBC13BAA2890D01A00AB2D7E /* MainScreenViewController.swift in Sources */ = {isa = PBXBuildFile; fileRef = DBC13BA92890D01A00AB2D7E /* MainScreenViewController.swift */; };
		DBDF13562886D800000A4635 /* DefaultResult.swift in Sources */ = {isa = PBXBuildFile; fileRef = DBDF13552886D800000A4635 /* DefaultResult.swift */; };
		DBF6F5A2287B178500816DED /* Catalogue.swift in Sources */ = {isa = PBXBuildFile; fileRef = DBF6F5A1287B178500816DED /* Catalogue.swift */; };
		DBFCE25D285F9B5800AE1D06 /* AppDelegate.swift in Sources */ = {isa = PBXBuildFile; fileRef = DBFCE25C285F9B5800AE1D06 /* AppDelegate.swift */; };
		DBFCE25F285F9B5800AE1D06 /* SceneDelegate.swift in Sources */ = {isa = PBXBuildFile; fileRef = DBFCE25E285F9B5800AE1D06 /* SceneDelegate.swift */; };
		DBFCE261285F9B5800AE1D06 /* ContentView.swift in Sources */ = {isa = PBXBuildFile; fileRef = DBFCE260285F9B5800AE1D06 /* ContentView.swift */; };
		DBFCE263285F9B5C00AE1D06 /* Assets.xcassets in Resources */ = {isa = PBXBuildFile; fileRef = DBFCE262285F9B5C00AE1D06 /* Assets.xcassets */; };
		DBFCE266285F9B5C00AE1D06 /* Preview Assets.xcassets in Resources */ = {isa = PBXBuildFile; fileRef = DBFCE265285F9B5C00AE1D06 /* Preview Assets.xcassets */; };
		DBFCE269285F9B5C00AE1D06 /* LaunchScreen.storyboard in Resources */ = {isa = PBXBuildFile; fileRef = DBFCE267285F9B5C00AE1D06 /* LaunchScreen.storyboard */; };
		DBFCE274285F9B5C00AE1D06 /* MyGBShopTests.swift in Sources */ = {isa = PBXBuildFile; fileRef = DBFCE273285F9B5C00AE1D06 /* MyGBShopTests.swift */; };
		DBFCE27F285F9B5C00AE1D06 /* MyGBShopUITests.swift in Sources */ = {isa = PBXBuildFile; fileRef = DBFCE27E285F9B5C00AE1D06 /* MyGBShopUITests.swift */; };
		DBFCE29A285F9CF100AE1D06 /* test.s in Sources */ = {isa = PBXBuildFile; fileRef = DBFCE299285F9CF100AE1D06 /* test.s */; };
		DBFCE29C285F9D0D00AE1D06 /* Data+PrettyJSON.swift in Sources */ = {isa = PBXBuildFile; fileRef = DBFCE29B285F9D0D00AE1D06 /* Data+PrettyJSON.swift */; };
/* End PBXBuildFile section */

/* Begin PBXContainerItemProxy section */
		DBFCE270285F9B5C00AE1D06 /* PBXContainerItemProxy */ = {
			isa = PBXContainerItemProxy;
			containerPortal = DBFCE251285F9B5800AE1D06 /* Project object */;
			proxyType = 1;
			remoteGlobalIDString = DBFCE258285F9B5800AE1D06;
			remoteInfo = MyGBShop;
		};
		DBFCE27B285F9B5C00AE1D06 /* PBXContainerItemProxy */ = {
			isa = PBXContainerItemProxy;
			containerPortal = DBFCE251285F9B5800AE1D06 /* Project object */;
			proxyType = 1;
			remoteGlobalIDString = DBFCE258285F9B5800AE1D06;
			remoteInfo = MyGBShop;
		};
/* End PBXContainerItemProxy section */

/* Begin PBXFileReference section */
		DB17654628B9A01A004D2115 /* ServerConfig.swift */ = {isa = PBXFileReference; lastKnownFileType = sourcecode.swift; path = ServerConfig.swift; sourceTree = "<group>"; };
		DB5048F528B58D6500DFCC77 /* GoogleService-Info.plist */ = {isa = PBXFileReference; fileEncoding = 4; lastKnownFileType = text.plist.xml; path = "GoogleService-Info.plist"; sourceTree = "<group>"; };
		DB5048FC28B58F2A00DFCC77 /* GALogger.swift */ = {isa = PBXFileReference; lastKnownFileType = sourcecode.swift; path = GALogger.swift; sourceTree = "<group>"; };
		DB64938F28ADBB34007DE991 /* AppShoppingCart.swift */ = {isa = PBXFileReference; lastKnownFileType = sourcecode.swift; path = AppShoppingCart.swift; sourceTree = "<group>"; };
		DB64939128ADBDCE007DE991 /* ShoppingCartTableViewCell.swift */ = {isa = PBXFileReference; lastKnownFileType = sourcecode.swift; path = ShoppingCartTableViewCell.swift; sourceTree = "<group>"; };
		DB64939328ADC087007DE991 /* ShoppingCartFooterTableViewCell.swift */ = {isa = PBXFileReference; lastKnownFileType = sourcecode.swift; path = ShoppingCartFooterTableViewCell.swift; sourceTree = "<group>"; };
		DB64939528ADC731007DE991 /* ShoppingCartTableViewController.swift */ = {isa = PBXFileReference; lastKnownFileType = sourcecode.swift; path = ShoppingCartTableViewController.swift; sourceTree = "<group>"; };
		DB707041289D27CA00C5E633 /* ItemCardViewController.swift */ = {isa = PBXFileReference; lastKnownFileType = sourcecode.swift; path = ItemCardViewController.swift; sourceTree = "<group>"; };
		DB707043289D313800C5E633 /* ItemCardView.swift */ = {isa = PBXFileReference; lastKnownFileType = sourcecode.swift; path = ItemCardView.swift; sourceTree = "<group>"; };
		DB707045289D3AEA00C5E633 /* AddFeedbackViewController.swift */ = {isa = PBXFileReference; lastKnownFileType = sourcecode.swift; path = AddFeedbackViewController.swift; sourceTree = "<group>"; };
		DB707047289D3D1700C5E633 /* AddFeedbackView.swift */ = {isa = PBXFileReference; lastKnownFileType = sourcecode.swift; path = AddFeedbackView.swift; sourceTree = "<group>"; };
		DB707049289D407900C5E633 /* GetFeedbackTableViewCell.swift */ = {isa = PBXFileReference; lastKnownFileType = sourcecode.swift; path = GetFeedbackTableViewCell.swift; sourceTree = "<group>"; };
		DB70704D289D420C00C5E633 /* GetFeedbackTableViewController.swift */ = {isa = PBXFileReference; lastKnownFileType = sourcecode.swift; path = GetFeedbackTableViewController.swift; sourceTree = "<group>"; };
		DB898130288EB9610073B19F /* ShoppingCart.swift */ = {isa = PBXFileReference; lastKnownFileType = sourcecode.swift; path = ShoppingCart.swift; sourceTree = "<group>"; };
		DB898132288EC34F0073B19F /* ShoppingCartRequestFactory.swift */ = {isa = PBXFileReference; lastKnownFileType = sourcecode.swift; path = ShoppingCartRequestFactory.swift; sourceTree = "<group>"; };
		DB898134288EC61D0073B19F /* ShoppingCartRequest.swift */ = {isa = PBXFileReference; lastKnownFileType = sourcecode.swift; path = ShoppingCartRequest.swift; sourceTree = "<group>"; };
		DB898136288EC6660073B19F /* ShoppingCartResult.swift */ = {isa = PBXFileReference; lastKnownFileType = sourcecode.swift; path = ShoppingCartResult.swift; sourceTree = "<group>"; };
		DB898138288ECC3C0073B19F /* TestsForShoppingCartRequests.swift */ = {isa = PBXFileReference; lastKnownFileType = sourcecode.swift; path = TestsForShoppingCartRequests.swift; sourceTree = "<group>"; };
		DB93AD3C2894AA5400C4B799 /* CatalogueTableViewCell.swift */ = {isa = PBXFileReference; lastKnownFileType = sourcecode.swift; path = CatalogueTableViewCell.swift; sourceTree = "<group>"; };
		DB93AD412894AFDF00C4B799 /* CatalogueTableViewController.swift */ = {isa = PBXFileReference; lastKnownFileType = sourcecode.swift; path = CatalogueTableViewController.swift; sourceTree = "<group>"; };
		DB93AD432894B43100C4B799 /* Extensions+Int.swift */ = {isa = PBXFileReference; lastKnownFileType = sourcecode.swift; path = "Extensions+Int.swift"; sourceTree = "<group>"; };
		DB93AD452894B51B00C4B799 /* RoundItemImageView.swift */ = {isa = PBXFileReference; lastKnownFileType = sourcecode.swift; path = RoundItemImageView.swift; sourceTree = "<group>"; };
		DBAA1E11287CE03F00B1E0B1 /* CatalogueRequestFactory.swift */ = {isa = PBXFileReference; lastKnownFileType = sourcecode.swift; path = CatalogueRequestFactory.swift; sourceTree = "<group>"; };
		DBAA1E13287CE19800B1E0B1 /* ItemById.swift */ = {isa = PBXFileReference; lastKnownFileType = sourcecode.swift; path = ItemById.swift; sourceTree = "<group>"; };
		DBAA1E15287CE47800B1E0B1 /* ItemByIdRequestFactory.swift */ = {isa = PBXFileReference; lastKnownFileType = sourcecode.swift; path = ItemByIdRequestFactory.swift; sourceTree = "<group>"; };
		DBAA1E17287CE6D800B1E0B1 /* CatalogueResult.swift */ = {isa = PBXFileReference; lastKnownFileType = sourcecode.swift; path = CatalogueResult.swift; sourceTree = "<group>"; };
		DBAA1E19287CE98600B1E0B1 /* ItemByIdResult.swift */ = {isa = PBXFileReference; lastKnownFileType = sourcecode.swift; path = ItemByIdResult.swift; sourceTree = "<group>"; };
		DBAA1E1D287CF33800B1E0B1 /* TestsForAuthRequests.swift */ = {isa = PBXFileReference; lastKnownFileType = sourcecode.swift; path = TestsForAuthRequests.swift; sourceTree = "<group>"; };
		DBAA1E1F287CFA6C00B1E0B1 /* ResponseCodableTests.swift */ = {isa = PBXFileReference; lastKnownFileType = sourcecode.swift; path = ResponseCodableTests.swift; sourceTree = "<group>"; };
		DBB397E02888BF70006A8002 /* Feedback.swift */ = {isa = PBXFileReference; lastKnownFileType = sourcecode.swift; path = Feedback.swift; sourceTree = "<group>"; };
		DBB397E22888C1D7006A8002 /* FeedbackRequestFactory.swift */ = {isa = PBXFileReference; lastKnownFileType = sourcecode.swift; path = FeedbackRequestFactory.swift; sourceTree = "<group>"; };
		DBB397E42888C24C006A8002 /* FeedbackResult.swift */ = {isa = PBXFileReference; lastKnownFileType = sourcecode.swift; path = FeedbackResult.swift; sourceTree = "<group>"; };
		DBB397E62888C599006A8002 /* TestsForCatalogueRequests.swift */ = {isa = PBXFileReference; lastKnownFileType = sourcecode.swift; path = TestsForCatalogueRequests.swift; sourceTree = "<group>"; };
		DBB397E82888C76F006A8002 /* TestsForFeedbackRequests.swift */ = {isa = PBXFileReference; lastKnownFileType = sourcecode.swift; path = TestsForFeedbackRequests.swift; sourceTree = "<group>"; };
		DBBAD0B62863B83900242D6D /* Auth.swift */ = {isa = PBXFileReference; lastKnownFileType = sourcecode.swift; path = Auth.swift; sourceTree = "<group>"; };
		DBBAD0BB2863B9A300242D6D /* AuthRequestFactory.swift */ = {isa = PBXFileReference; lastKnownFileType = sourcecode.swift; path = AuthRequestFactory.swift; sourceTree = "<group>"; };
		DBBAD0BE2863B9FE00242D6D /* Registration.swift */ = {isa = PBXFileReference; lastKnownFileType = sourcecode.swift; path = Registration.swift; sourceTree = "<group>"; };
		DBBAD0C02863BAF200242D6D /* RegistrationRequestFactory.swift */ = {isa = PBXFileReference; lastKnownFileType = sourcecode.swift; path = RegistrationRequestFactory.swift; sourceTree = "<group>"; };
		DBBAD0C32863BB4F00242D6D /* RequestFactory.swift */ = {isa = PBXFileReference; lastKnownFileType = sourcecode.swift; path = RequestFactory.swift; sourceTree = "<group>"; };
		DBBAD0C62863BC1E00242D6D /* ChangeUserData.swift */ = {isa = PBXFileReference; lastKnownFileType = sourcecode.swift; path = ChangeUserData.swift; sourceTree = "<group>"; };
		DBBAD0C82863BCEE00242D6D /* ChangeUserDataRequestFactory.swift */ = {isa = PBXFileReference; lastKnownFileType = sourcecode.swift; path = ChangeUserDataRequestFactory.swift; sourceTree = "<group>"; };
		DBBAD0D02863BDC700242D6D /* User.swift */ = {isa = PBXFileReference; lastKnownFileType = sourcecode.swift; path = User.swift; sourceTree = "<group>"; };
		DBBAD0D42863BE8100242D6D /* AbstractRequestFactory.swift */ = {isa = PBXFileReference; lastKnownFileType = sourcecode.swift; path = AbstractRequestFactory.swift; sourceTree = "<group>"; };
		DBBAD0D72863BF1500242D6D /* AbstractErrorParser.swift */ = {isa = PBXFileReference; lastKnownFileType = sourcecode.swift; path = AbstractErrorParser.swift; sourceTree = "<group>"; };
		DBBAD0D92863BF4300242D6D /* ErrorParser.swift */ = {isa = PBXFileReference; lastKnownFileType = sourcecode.swift; path = ErrorParser.swift; sourceTree = "<group>"; };
		DBBAD0DB2863BF7500242D6D /* ResponseCodable.swift */ = {isa = PBXFileReference; lastKnownFileType = sourcecode.swift; path = ResponseCodable.swift; sourceTree = "<group>"; };
		DBBAD0DE2863BFED00242D6D /* RequestRouter.swift */ = {isa = PBXFileReference; lastKnownFileType = sourcecode.swift; path = RequestRouter.swift; sourceTree = "<group>"; };
		DBC13B99289061B400AB2D7E /* ApplicationStarter.swift */ = {isa = PBXFileReference; lastKnownFileType = sourcecode.swift; path = ApplicationStarter.swift; sourceTree = "<group>"; };
		DBC13B9B2890629800AB2D7E /* AuthViewController.swift */ = {isa = PBXFileReference; lastKnownFileType = sourcecode.swift; path = AuthViewController.swift; sourceTree = "<group>"; };
		DBC13B9D2890666300AB2D7E /* AuthView.swift */ = {isa = PBXFileReference; lastKnownFileType = sourcecode.swift; path = AuthView.swift; sourceTree = "<group>"; };
		DBC13B9F2890937200AB2D7E /* GetUserDataViewController.swift */ = {isa = PBXFileReference; lastKnownFileType = sourcecode.swift; path = GetUserDataViewController.swift; sourceTree = "<group>"; };
		DBC13BA128909ADE00AB2D7E /* GetUserDataView.swift */ = {isa = PBXFileReference; lastKnownFileType = sourcecode.swift; path = GetUserDataView.swift; sourceTree = "<group>"; };
		DBC13BA32890C7B900AB2D7E /* RegistrationViewController.swift */ = {isa = PBXFileReference; lastKnownFileType = sourcecode.swift; path = RegistrationViewController.swift; sourceTree = "<group>"; };
		DBC13BA52890C92B00AB2D7E /* RegistrationView.swift */ = {isa = PBXFileReference; lastKnownFileType = sourcecode.swift; path = RegistrationView.swift; sourceTree = "<group>"; };
		DBC13BA72890CF1F00AB2D7E /* TabBarViewController.swift */ = {isa = PBXFileReference; lastKnownFileType = sourcecode.swift; path = TabBarViewController.swift; sourceTree = "<group>"; };
		DBC13BA92890D01A00AB2D7E /* MainScreenViewController.swift */ = {isa = PBXFileReference; lastKnownFileType = sourcecode.swift; path = MainScreenViewController.swift; sourceTree = "<group>"; };
		DBDF13552886D800000A4635 /* DefaultResult.swift */ = {isa = PBXFileReference; lastKnownFileType = sourcecode.swift; path = DefaultResult.swift; sourceTree = "<group>"; };
		DBF6F5A1287B178500816DED /* Catalogue.swift */ = {isa = PBXFileReference; lastKnownFileType = sourcecode.swift; path = Catalogue.swift; sourceTree = "<group>"; };
		DBFCE259285F9B5800AE1D06 /* MyGBShop.app */ = {isa = PBXFileReference; explicitFileType = wrapper.application; includeInIndex = 0; path = MyGBShop.app; sourceTree = BUILT_PRODUCTS_DIR; };
		DBFCE25C285F9B5800AE1D06 /* AppDelegate.swift */ = {isa = PBXFileReference; lastKnownFileType = sourcecode.swift; path = AppDelegate.swift; sourceTree = "<group>"; };
		DBFCE25E285F9B5800AE1D06 /* SceneDelegate.swift */ = {isa = PBXFileReference; lastKnownFileType = sourcecode.swift; path = SceneDelegate.swift; sourceTree = "<group>"; };
		DBFCE260285F9B5800AE1D06 /* ContentView.swift */ = {isa = PBXFileReference; lastKnownFileType = sourcecode.swift; path = ContentView.swift; sourceTree = "<group>"; };
		DBFCE262285F9B5C00AE1D06 /* Assets.xcassets */ = {isa = PBXFileReference; lastKnownFileType = folder.assetcatalog; path = Assets.xcassets; sourceTree = "<group>"; };
		DBFCE265285F9B5C00AE1D06 /* Preview Assets.xcassets */ = {isa = PBXFileReference; lastKnownFileType = folder.assetcatalog; path = "Preview Assets.xcassets"; sourceTree = "<group>"; };
		DBFCE268285F9B5C00AE1D06 /* Base */ = {isa = PBXFileReference; lastKnownFileType = file.storyboard; name = Base; path = Base.lproj/LaunchScreen.storyboard; sourceTree = "<group>"; };
		DBFCE26A285F9B5C00AE1D06 /* Info.plist */ = {isa = PBXFileReference; lastKnownFileType = text.plist.xml; path = Info.plist; sourceTree = "<group>"; };
		DBFCE26F285F9B5C00AE1D06 /* MyGBShopTests.xctest */ = {isa = PBXFileReference; explicitFileType = wrapper.cfbundle; includeInIndex = 0; path = MyGBShopTests.xctest; sourceTree = BUILT_PRODUCTS_DIR; };
		DBFCE273285F9B5C00AE1D06 /* MyGBShopTests.swift */ = {isa = PBXFileReference; lastKnownFileType = sourcecode.swift; path = MyGBShopTests.swift; sourceTree = "<group>"; };
		DBFCE275285F9B5C00AE1D06 /* Info.plist */ = {isa = PBXFileReference; lastKnownFileType = text.plist.xml; path = Info.plist; sourceTree = "<group>"; };
		DBFCE27A285F9B5C00AE1D06 /* MyGBShopUITests.xctest */ = {isa = PBXFileReference; explicitFileType = wrapper.cfbundle; includeInIndex = 0; path = MyGBShopUITests.xctest; sourceTree = BUILT_PRODUCTS_DIR; };
		DBFCE27E285F9B5C00AE1D06 /* MyGBShopUITests.swift */ = {isa = PBXFileReference; lastKnownFileType = sourcecode.swift; path = MyGBShopUITests.swift; sourceTree = "<group>"; };
		DBFCE280285F9B5C00AE1D06 /* Info.plist */ = {isa = PBXFileReference; lastKnownFileType = text.plist.xml; path = Info.plist; sourceTree = "<group>"; };
		DBFCE299285F9CF100AE1D06 /* test.s */ = {isa = PBXFileReference; lastKnownFileType = sourcecode.asm; path = test.s; sourceTree = "<group>"; };
		DBFCE29B285F9D0D00AE1D06 /* Data+PrettyJSON.swift */ = {isa = PBXFileReference; lastKnownFileType = sourcecode.swift; path = "Data+PrettyJSON.swift"; sourceTree = "<group>"; };
/* End PBXFileReference section */

/* Begin PBXFrameworksBuildPhase section */
		DBFCE256285F9B5800AE1D06 /* Frameworks */ = {
			isa = PBXFrameworksBuildPhase;
			buildActionMask = 2147483647;
			files = (
				DB93AD402894AAE600C4B799 /* SDWebImage in Frameworks */,
				DB5048FB28B58E0C00DFCC77 /* FirebaseCrashlytics in Frameworks */,
				DBBAD0BA2863B88200242D6D /* Alamofire in Frameworks */,
				DB5048F928B58E0C00DFCC77 /* FirebaseAnalytics in Frameworks */,
			);
			runOnlyForDeploymentPostprocessing = 0;
		};
		DBFCE26C285F9B5C00AE1D06 /* Frameworks */ = {
			isa = PBXFrameworksBuildPhase;
			buildActionMask = 2147483647;
			files = (
			);
			runOnlyForDeploymentPostprocessing = 0;
		};
		DBFCE277285F9B5C00AE1D06 /* Frameworks */ = {
			isa = PBXFrameworksBuildPhase;
			buildActionMask = 2147483647;
			files = (
			);
			runOnlyForDeploymentPostprocessing = 0;
		};
/* End PBXFrameworksBuildPhase section */

/* Begin PBXGroup section */
		DB64938E28ADBB10007DE991 /* AppShoppingCart */ = {
			isa = PBXGroup;
			children = (
				DB64938F28ADBB34007DE991 /* AppShoppingCart.swift */,
			);
			path = AppShoppingCart;
			sourceTree = "<group>";
		};
		DB89812F288EB9480073B19F /* ShoppingCart */ = {
			isa = PBXGroup;
			children = (
				DB898130288EB9610073B19F /* ShoppingCart.swift */,
				DB898132288EC34F0073B19F /* ShoppingCartRequestFactory.swift */,
			);
			path = ShoppingCart;
			sourceTree = "<group>";
		};
		DBB397DF2888BF55006A8002 /* Feedback */ = {
			isa = PBXGroup;
			children = (
				DBB397E02888BF70006A8002 /* Feedback.swift */,
				DBB397E22888C1D7006A8002 /* FeedbackRequestFactory.swift */,
			);
			path = Feedback;
			sourceTree = "<group>";
		};
		DBBAD0B52863B81900242D6D /* Auth */ = {
			isa = PBXGroup;
			children = (
				DBBAD0B62863B83900242D6D /* Auth.swift */,
				DBBAD0BB2863B9A300242D6D /* AuthRequestFactory.swift */,
			);
			path = Auth;
			sourceTree = "<group>";
		};
		DBBAD0BD2863B9DC00242D6D /* Registration */ = {
			isa = PBXGroup;
			children = (
				DBBAD0BE2863B9FE00242D6D /* Registration.swift */,
				DBBAD0C02863BAF200242D6D /* RegistrationRequestFactory.swift */,
			);
			path = Registration;
			sourceTree = "<group>";
		};
		DBBAD0C22863BB1F00242D6D /* Request */ = {
			isa = PBXGroup;
			children = (
				DBBAD0C32863BB4F00242D6D /* RequestFactory.swift */,
			);
			path = Request;
			sourceTree = "<group>";
		};
		DBBAD0C52863BBF900242D6D /* ChangeUserData */ = {
			isa = PBXGroup;
			children = (
				DBBAD0C62863BC1E00242D6D /* ChangeUserData.swift */,
				DBBAD0C82863BCEE00242D6D /* ChangeUserDataRequestFactory.swift */,
			);
			path = ChangeUserData;
			sourceTree = "<group>";
		};
		DBBAD0D62863BEF900242D6D /* Error */ = {
			isa = PBXGroup;
			children = (
				DBBAD0D72863BF1500242D6D /* AbstractErrorParser.swift */,
				DBBAD0D92863BF4300242D6D /* ErrorParser.swift */,
			);
			path = Error;
			sourceTree = "<group>";
		};
		DBBAD0DD2863BFD400242D6D /* Router */ = {
			isa = PBXGroup;
			children = (
				DBBAD0DE2863BFED00242D6D /* RequestRouter.swift */,
			);
			path = Router;
			sourceTree = "<group>";
		};
		DBC13B982890619300AB2D7E /* ApplicationStarter */ = {
			isa = PBXGroup;
			children = (
				DBC13B99289061B400AB2D7E /* ApplicationStarter.swift */,
			);
			path = ApplicationStarter;
			sourceTree = "<group>";
		};
		DBF6F5A0287B174600816DED /* Network */ = {
			isa = PBXGroup;
			children = (
				DBF6F5A1287B178500816DED /* Catalogue.swift */,
				DBAA1E11287CE03F00B1E0B1 /* CatalogueRequestFactory.swift */,
				DBAA1E13287CE19800B1E0B1 /* ItemById.swift */,
				DBAA1E15287CE47800B1E0B1 /* ItemByIdRequestFactory.swift */,
			);
			path = Network;
			sourceTree = "<group>";
		};
		DBFCE250285F9B5800AE1D06 = {
			isa = PBXGroup;
			children = (
				DB5048F528B58D6500DFCC77 /* GoogleService-Info.plist */,
				DBFCE25B285F9B5800AE1D06 /* MyGBShop */,
				DBFCE272285F9B5C00AE1D06 /* MyGBShopTests */,
				DBFCE27D285F9B5C00AE1D06 /* MyGBShopUITests */,
				DBFCE25A285F9B5800AE1D06 /* Products */,
			);
			sourceTree = "<group>";
		};
		DBFCE25A285F9B5800AE1D06 /* Products */ = {
			isa = PBXGroup;
			children = (
				DBFCE259285F9B5800AE1D06 /* MyGBShop.app */,
				DBFCE26F285F9B5C00AE1D06 /* MyGBShopTests.xctest */,
				DBFCE27A285F9B5C00AE1D06 /* MyGBShopUITests.xctest */,
			);
			name = Products;
			sourceTree = "<group>";
		};
		DBFCE25B285F9B5800AE1D06 /* MyGBShop */ = {
			isa = PBXGroup;
			children = (
				DBFCE26A285F9B5C00AE1D06 /* Info.plist */,
				DBFCE28C285F9B7200AE1D06 /* App */,
				DBFCE28D285F9B7F00AE1D06 /* Core(Extensions) */,
				DBFCE28E285F9B9100AE1D06 /* Resources(Assets) */,
				DBFCE28F285F9BA300AE1D06 /* Environments(Settings) */,
				DBFCE264285F9B5C00AE1D06 /* Preview Content */,
			);
			path = MyGBShop;
			sourceTree = "<group>";
		};
		DBFCE264285F9B5C00AE1D06 /* Preview Content */ = {
			isa = PBXGroup;
			children = (
				DBFCE265285F9B5C00AE1D06 /* Preview Assets.xcassets */,
			);
			path = "Preview Content";
			sourceTree = "<group>";
		};
		DBFCE272285F9B5C00AE1D06 /* MyGBShopTests */ = {
			isa = PBXGroup;
			children = (
				DBFCE273285F9B5C00AE1D06 /* MyGBShopTests.swift */,
				DBAA1E1D287CF33800B1E0B1 /* TestsForAuthRequests.swift */,
				DBFCE275285F9B5C00AE1D06 /* Info.plist */,
				DBAA1E1F287CFA6C00B1E0B1 /* ResponseCodableTests.swift */,
				DBB397E62888C599006A8002 /* TestsForCatalogueRequests.swift */,
				DBB397E82888C76F006A8002 /* TestsForFeedbackRequests.swift */,
				DB898138288ECC3C0073B19F /* TestsForShoppingCartRequests.swift */,
			);
			path = MyGBShopTests;
			sourceTree = "<group>";
		};
		DBFCE27D285F9B5C00AE1D06 /* MyGBShopUITests */ = {
			isa = PBXGroup;
			children = (
				DBFCE27E285F9B5C00AE1D06 /* MyGBShopUITests.swift */,
				DBFCE280285F9B5C00AE1D06 /* Info.plist */,
			);
			path = MyGBShopUITests;
			sourceTree = "<group>";
		};
		DBFCE28C285F9B7200AE1D06 /* App */ = {
			isa = PBXGroup;
			children = (
				DBFCE25C285F9B5800AE1D06 /* AppDelegate.swift */,
				DBFCE25E285F9B5800AE1D06 /* SceneDelegate.swift */,
				DBFCE290285F9BBA00AE1D06 /* BusinessLogic(Services) */,
				DBFCE291285F9BCF00AE1D06 /* Entity(Models) */,
				DBFCE293285F9C0600AE1D06 /* Assembly */,
				DBFCE294285F9C0E00AE1D06 /* Flows(ControllersAndCells) */,
			);
			path = App;
			sourceTree = "<group>";
		};
		DBFCE28D285F9B7F00AE1D06 /* Core(Extensions) */ = {
			isa = PBXGroup;
			children = (
				DBFCE29B285F9D0D00AE1D06 /* Data+PrettyJSON.swift */,
				DB93AD432894B43100C4B799 /* Extensions+Int.swift */,
				DBBAD0D42863BE8100242D6D /* AbstractRequestFactory.swift */,
				DB5048FC28B58F2A00DFCC77 /* GALogger.swift */,
				DB17654628B9A01A004D2115 /* ServerConfig.swift */,
				DBBAD0D62863BEF900242D6D /* Error */,
				DBBAD0DB2863BF7500242D6D /* ResponseCodable.swift */,
				DBBAD0DD2863BFD400242D6D /* Router */,
			);
			path = "Core(Extensions)";
			sourceTree = "<group>";
		};
		DBFCE28E285F9B9100AE1D06 /* Resources(Assets) */ = {
			isa = PBXGroup;
			children = (
				DBFCE262285F9B5C00AE1D06 /* Assets.xcassets */,
				DBFCE267285F9B5C00AE1D06 /* LaunchScreen.storyboard */,
			);
			path = "Resources(Assets)";
			sourceTree = "<group>";
		};
		DBFCE28F285F9BA300AE1D06 /* Environments(Settings) */ = {
			isa = PBXGroup;
			children = (
			);
			path = "Environments(Settings)";
			sourceTree = "<group>";
		};
		DBFCE290285F9BBA00AE1D06 /* BusinessLogic(Services) */ = {
			isa = PBXGroup;
			children = (
				DB64938E28ADBB10007DE991 /* AppShoppingCart */,
				DBC13B982890619300AB2D7E /* ApplicationStarter */,
				DB89812F288EB9480073B19F /* ShoppingCart */,
				DBB397DF2888BF55006A8002 /* Feedback */,
				DBBAD0B52863B81900242D6D /* Auth */,
				DBBAD0BD2863B9DC00242D6D /* Registration */,
				DBBAD0C22863BB1F00242D6D /* Request */,
				DBBAD0C52863BBF900242D6D /* ChangeUserData */,
				DBF6F5A0287B174600816DED /* Network */,
			);
			path = "BusinessLogic(Services)";
			sourceTree = "<group>";
		};
		DBFCE291285F9BCF00AE1D06 /* Entity(Models) */ = {
			isa = PBXGroup;
			children = (
				DBBAD0D02863BDC700242D6D /* User.swift */,
				DBAA1E17287CE6D800B1E0B1 /* CatalogueResult.swift */,
				DBAA1E19287CE98600B1E0B1 /* ItemByIdResult.swift */,
				DBDF13552886D800000A4635 /* DefaultResult.swift */,
				DBB397E42888C24C006A8002 /* FeedbackResult.swift */,
				DB898134288EC61D0073B19F /* ShoppingCartRequest.swift */,
				DB898136288EC6660073B19F /* ShoppingCartResult.swift */,
			);
			path = "Entity(Models)";
			sourceTree = "<group>";
		};
		DBFCE293285F9C0600AE1D06 /* Assembly */ = {
			isa = PBXGroup;
			children = (
				DBFCE299285F9CF100AE1D06 /* test.s */,
			);
			path = Assembly;
			sourceTree = "<group>";
		};
		DBFCE294285F9C0E00AE1D06 /* Flows(ControllersAndCells) */ = {
			isa = PBXGroup;
			children = (
				DBFCE260285F9B5800AE1D06 /* ContentView.swift */,
				DB64939128ADBDCE007DE991 /* ShoppingCartTableViewCell.swift */,
				DB64939328ADC087007DE991 /* ShoppingCartFooterTableViewCell.swift */,
				DB64939528ADC731007DE991 /* ShoppingCartTableViewController.swift */,
				DB93AD452894B51B00C4B799 /* RoundItemImageView.swift */,
				DBC13B9B2890629800AB2D7E /* AuthViewController.swift */,
				DBC13B9D2890666300AB2D7E /* AuthView.swift */,
				DBC13B9F2890937200AB2D7E /* GetUserDataViewController.swift */,
				DB93AD3C2894AA5400C4B799 /* CatalogueTableViewCell.swift */,
				DB93AD412894AFDF00C4B799 /* CatalogueTableViewController.swift */,
				DBC13BA128909ADE00AB2D7E /* GetUserDataView.swift */,
				DBC13BA32890C7B900AB2D7E /* RegistrationViewController.swift */,
				DBC13BA52890C92B00AB2D7E /* RegistrationView.swift */,
				DBC13BA72890CF1F00AB2D7E /* TabBarViewController.swift */,
				DBC13BA92890D01A00AB2D7E /* MainScreenViewController.swift */,
				DB707041289D27CA00C5E633 /* ItemCardViewController.swift */,
				DB707043289D313800C5E633 /* ItemCardView.swift */,
				DB707045289D3AEA00C5E633 /* AddFeedbackViewController.swift */,
				DB707047289D3D1700C5E633 /* AddFeedbackView.swift */,
				DB707049289D407900C5E633 /* GetFeedbackTableViewCell.swift */,
				DB70704D289D420C00C5E633 /* GetFeedbackTableViewController.swift */,
			);
			path = "Flows(ControllersAndCells)";
			sourceTree = "<group>";
		};
/* End PBXGroup section */

/* Begin PBXNativeTarget section */
		DBFCE258285F9B5800AE1D06 /* MyGBShop */ = {
			isa = PBXNativeTarget;
			buildConfigurationList = DBFCE283285F9B5C00AE1D06 /* Build configuration list for PBXNativeTarget "MyGBShop" */;
			buildPhases = (
				DBFCE255285F9B5800AE1D06 /* Sources */,
				DBFCE256285F9B5800AE1D06 /* Frameworks */,
				DBFCE257285F9B5800AE1D06 /* Resources */,
			);
			buildRules = (
			);
			dependencies = (
			);
			name = MyGBShop;
			packageProductDependencies = (
				DBBAD0B92863B88200242D6D /* Alamofire */,
				DB93AD3F2894AAE600C4B799 /* SDWebImage */,
				DB5048F828B58E0C00DFCC77 /* FirebaseAnalytics */,
				DB5048FA28B58E0C00DFCC77 /* FirebaseCrashlytics */,
			);
			productName = MyGBShop;
			productReference = DBFCE259285F9B5800AE1D06 /* MyGBShop.app */;
			productType = "com.apple.product-type.application";
		};
		DBFCE26E285F9B5C00AE1D06 /* MyGBShopTests */ = {
			isa = PBXNativeTarget;
			buildConfigurationList = DBFCE286285F9B5C00AE1D06 /* Build configuration list for PBXNativeTarget "MyGBShopTests" */;
			buildPhases = (
				DBFCE26B285F9B5C00AE1D06 /* Sources */,
				DBFCE26C285F9B5C00AE1D06 /* Frameworks */,
				DBFCE26D285F9B5C00AE1D06 /* Resources */,
			);
			buildRules = (
			);
			dependencies = (
				DBFCE271285F9B5C00AE1D06 /* PBXTargetDependency */,
			);
			name = MyGBShopTests;
			productName = MyGBShopTests;
			productReference = DBFCE26F285F9B5C00AE1D06 /* MyGBShopTests.xctest */;
			productType = "com.apple.product-type.bundle.unit-test";
		};
		DBFCE279285F9B5C00AE1D06 /* MyGBShopUITests */ = {
			isa = PBXNativeTarget;
			buildConfigurationList = DBFCE289285F9B5C00AE1D06 /* Build configuration list for PBXNativeTarget "MyGBShopUITests" */;
			buildPhases = (
				DBFCE276285F9B5C00AE1D06 /* Sources */,
				DBFCE277285F9B5C00AE1D06 /* Frameworks */,
				DBFCE278285F9B5C00AE1D06 /* Resources */,
			);
			buildRules = (
			);
			dependencies = (
				DBFCE27C285F9B5C00AE1D06 /* PBXTargetDependency */,
			);
			name = MyGBShopUITests;
			productName = MyGBShopUITests;
			productReference = DBFCE27A285F9B5C00AE1D06 /* MyGBShopUITests.xctest */;
			productType = "com.apple.product-type.bundle.ui-testing";
		};
/* End PBXNativeTarget section */

/* Begin PBXProject section */
		DBFCE251285F9B5800AE1D06 /* Project object */ = {
			isa = PBXProject;
			attributes = {
				LastSwiftUpdateCheck = 1250;
				LastUpgradeCheck = 1250;
				TargetAttributes = {
					DBFCE258285F9B5800AE1D06 = {
						CreatedOnToolsVersion = 12.5.1;
					};
					DBFCE26E285F9B5C00AE1D06 = {
						CreatedOnToolsVersion = 12.5.1;
						TestTargetID = DBFCE258285F9B5800AE1D06;
					};
					DBFCE279285F9B5C00AE1D06 = {
						CreatedOnToolsVersion = 12.5.1;
						TestTargetID = DBFCE258285F9B5800AE1D06;
					};
				};
			};
			buildConfigurationList = DBFCE254285F9B5800AE1D06 /* Build configuration list for PBXProject "MyGBShop" */;
			compatibilityVersion = "Xcode 9.3";
			developmentRegion = en;
			hasScannedForEncodings = 0;
			knownRegions = (
				en,
				Base,
			);
			mainGroup = DBFCE250285F9B5800AE1D06;
			packageReferences = (
				DBBAD0B82863B88200242D6D /* XCRemoteSwiftPackageReference "Alamofire" */,
				DB93AD3E2894AAE600C4B799 /* XCRemoteSwiftPackageReference "SDWebImage" */,
				DB5048F728B58E0C00DFCC77 /* XCRemoteSwiftPackageReference "firebase-ios-sdk" */,
			);
			productRefGroup = DBFCE25A285F9B5800AE1D06 /* Products */;
			projectDirPath = "";
			projectRoot = "";
			targets = (
				DBFCE258285F9B5800AE1D06 /* MyGBShop */,
				DBFCE26E285F9B5C00AE1D06 /* MyGBShopTests */,
				DBFCE279285F9B5C00AE1D06 /* MyGBShopUITests */,
			);
		};
/* End PBXProject section */

/* Begin PBXResourcesBuildPhase section */
		DBFCE257285F9B5800AE1D06 /* Resources */ = {
			isa = PBXResourcesBuildPhase;
			buildActionMask = 2147483647;
			files = (
				DBFCE269285F9B5C00AE1D06 /* LaunchScreen.storyboard in Resources */,
				DB5048F628B58D6500DFCC77 /* GoogleService-Info.plist in Resources */,
				DBFCE266285F9B5C00AE1D06 /* Preview Assets.xcassets in Resources */,
				DBFCE263285F9B5C00AE1D06 /* Assets.xcassets in Resources */,
			);
			runOnlyForDeploymentPostprocessing = 0;
		};
		DBFCE26D285F9B5C00AE1D06 /* Resources */ = {
			isa = PBXResourcesBuildPhase;
			buildActionMask = 2147483647;
			files = (
			);
			runOnlyForDeploymentPostprocessing = 0;
		};
		DBFCE278285F9B5C00AE1D06 /* Resources */ = {
			isa = PBXResourcesBuildPhase;
			buildActionMask = 2147483647;
			files = (
			);
			runOnlyForDeploymentPostprocessing = 0;
		};
/* End PBXResourcesBuildPhase section */

/* Begin PBXSourcesBuildPhase section */
		DBFCE255285F9B5800AE1D06 /* Sources */ = {
			isa = PBXSourcesBuildPhase;
			buildActionMask = 2147483647;
			files = (
				DB898133288EC34F0073B19F /* ShoppingCartRequestFactory.swift in Sources */,
				DBBAD0C92863BCEE00242D6D /* ChangeUserDataRequestFactory.swift in Sources */,
				DBC13BA42890C7B900AB2D7E /* RegistrationViewController.swift in Sources */,
				DBC13BA62890C92B00AB2D7E /* RegistrationView.swift in Sources */,
				DB707048289D3D1700C5E633 /* AddFeedbackView.swift in Sources */,
				DBDF13562886D800000A4635 /* DefaultResult.swift in Sources */,
				DB93AD442894B43100C4B799 /* Extensions+Int.swift in Sources */,
				DBB397E12888BF70006A8002 /* Feedback.swift in Sources */,
				DB898137288EC6660073B19F /* ShoppingCartResult.swift in Sources */,
				DB64939628ADC731007DE991 /* ShoppingCartTableViewController.swift in Sources */,
				DBAA1E14287CE19800B1E0B1 /* ItemById.swift in Sources */,
				DBC13BAA2890D01A00AB2D7E /* MainScreenViewController.swift in Sources */,
				DB64939228ADBDCE007DE991 /* ShoppingCartTableViewCell.swift in Sources */,
				DBC13BA82890CF1F00AB2D7E /* TabBarViewController.swift in Sources */,
				DBBAD0C42863BB4F00242D6D /* RequestFactory.swift in Sources */,
				DBAA1E16287CE47800B1E0B1 /* ItemByIdRequestFactory.swift in Sources */,
				DBFCE25D285F9B5800AE1D06 /* AppDelegate.swift in Sources */,
				DBC13BA228909ADE00AB2D7E /* GetUserDataView.swift in Sources */,
				DBBAD0D12863BDC700242D6D /* User.swift in Sources */,
				DBAA1E12287CE03F00B1E0B1 /* CatalogueRequestFactory.swift in Sources */,
				DBBAD0DF2863BFED00242D6D /* RequestRouter.swift in Sources */,
				DBFCE29C285F9D0D00AE1D06 /* Data+PrettyJSON.swift in Sources */,
				DBB397E52888C24C006A8002 /* FeedbackResult.swift in Sources */,
				DB64939428ADC087007DE991 /* ShoppingCartFooterTableViewCell.swift in Sources */,
				DBBAD0C12863BAF200242D6D /* RegistrationRequestFactory.swift in Sources */,
				DBBAD0D82863BF1500242D6D /* AbstractErrorParser.swift in Sources */,
				DB64939028ADBB34007DE991 /* AppShoppingCart.swift in Sources */,
				DBFCE25F285F9B5800AE1D06 /* SceneDelegate.swift in Sources */,
				DB707046289D3AEA00C5E633 /* AddFeedbackViewController.swift in Sources */,
				DBBAD0DC2863BF7500242D6D /* ResponseCodable.swift in Sources */,
				DB93AD3D2894AA5400C4B799 /* CatalogueTableViewCell.swift in Sources */,
				DB707042289D27CA00C5E633 /* ItemCardViewController.swift in Sources */,
				DBBAD0BC2863B9A300242D6D /* AuthRequestFactory.swift in Sources */,
				DB5048FD28B58F2A00DFCC77 /* GALogger.swift in Sources */,
				DB93AD422894AFDF00C4B799 /* CatalogueTableViewController.swift in Sources */,
				DBBAD0D52863BE8100242D6D /* AbstractRequestFactory.swift in Sources */,
				DB898135288EC61D0073B19F /* ShoppingCartRequest.swift in Sources */,
				DBC13B9E2890666300AB2D7E /* AuthView.swift in Sources */,
				DB707044289D313800C5E633 /* ItemCardView.swift in Sources */,
				DBFCE261285F9B5800AE1D06 /* ContentView.swift in Sources */,
				DBF6F5A2287B178500816DED /* Catalogue.swift in Sources */,
				DBFCE29A285F9CF100AE1D06 /* test.s in Sources */,
				DBAA1E1A287CE98600B1E0B1 /* ItemByIdResult.swift in Sources */,
				DBBAD0DA2863BF4300242D6D /* ErrorParser.swift in Sources */,
				DB70704A289D407900C5E633 /* GetFeedbackTableViewCell.swift in Sources */,
				DBC13B9C2890629800AB2D7E /* AuthViewController.swift in Sources */,
				DBAA1E18287CE6D800B1E0B1 /* CatalogueResult.swift in Sources */,
				DBC13B9A289061B400AB2D7E /* ApplicationStarter.swift in Sources */,
				DBC13BA02890937200AB2D7E /* GetUserDataViewController.swift in Sources */,
				DB17654728B9A01A004D2115 /* ServerConfig.swift in Sources */,
				DB70704E289D420C00C5E633 /* GetFeedbackTableViewController.swift in Sources */,
				DBBAD0BF2863B9FE00242D6D /* Registration.swift in Sources */,
				DBBAD0C72863BC1E00242D6D /* ChangeUserData.swift in Sources */,
				DB898131288EB9610073B19F /* ShoppingCart.swift in Sources */,
				DBBAD0B72863B83900242D6D /* Auth.swift in Sources */,
				DB93AD462894B51B00C4B799 /* RoundItemImageView.swift in Sources */,
				DBB397E32888C1D7006A8002 /* FeedbackRequestFactory.swift in Sources */,
			);
			runOnlyForDeploymentPostprocessing = 0;
		};
		DBFCE26B285F9B5C00AE1D06 /* Sources */ = {
			isa = PBXSourcesBuildPhase;
			buildActionMask = 2147483647;
			files = (
				DBAA1E1E287CF33800B1E0B1 /* TestsForAuthRequests.swift in Sources */,
				DB898139288ECC3C0073B19F /* TestsForShoppingCartRequests.swift in Sources */,
				DBB397E72888C59A006A8002 /* TestsForCatalogueRequests.swift in Sources */,
				DBB397E92888C76F006A8002 /* TestsForFeedbackRequests.swift in Sources */,
				DBAA1E20287CFA6C00B1E0B1 /* ResponseCodableTests.swift in Sources */,
				DBFCE274285F9B5C00AE1D06 /* MyGBShopTests.swift in Sources */,
			);
			runOnlyForDeploymentPostprocessing = 0;
		};
		DBFCE276285F9B5C00AE1D06 /* Sources */ = {
			isa = PBXSourcesBuildPhase;
			buildActionMask = 2147483647;
			files = (
				DBFCE27F285F9B5C00AE1D06 /* MyGBShopUITests.swift in Sources */,
			);
			runOnlyForDeploymentPostprocessing = 0;
		};
/* End PBXSourcesBuildPhase section */

/* Begin PBXTargetDependency section */
		DBFCE271285F9B5C00AE1D06 /* PBXTargetDependency */ = {
			isa = PBXTargetDependency;
			target = DBFCE258285F9B5800AE1D06 /* MyGBShop */;
			targetProxy = DBFCE270285F9B5C00AE1D06 /* PBXContainerItemProxy */;
		};
		DBFCE27C285F9B5C00AE1D06 /* PBXTargetDependency */ = {
			isa = PBXTargetDependency;
			target = DBFCE258285F9B5800AE1D06 /* MyGBShop */;
			targetProxy = DBFCE27B285F9B5C00AE1D06 /* PBXContainerItemProxy */;
		};
/* End PBXTargetDependency section */

/* Begin PBXVariantGroup section */
		DBFCE267285F9B5C00AE1D06 /* LaunchScreen.storyboard */ = {
			isa = PBXVariantGroup;
			children = (
				DBFCE268285F9B5C00AE1D06 /* Base */,
			);
			name = LaunchScreen.storyboard;
			sourceTree = "<group>";
		};
/* End PBXVariantGroup section */

/* Begin XCBuildConfiguration section */
		DB17652628B99E77004D2115 /* DebugQA */ = {
			isa = XCBuildConfiguration;
			buildSettings = {
				ALWAYS_SEARCH_USER_PATHS = NO;
				CLANG_ANALYZER_NONNULL = YES;
				CLANG_ANALYZER_NUMBER_OBJECT_CONVERSION = YES_AGGRESSIVE;
				CLANG_CXX_LANGUAGE_STANDARD = "gnu++14";
				CLANG_CXX_LIBRARY = "libc++";
				CLANG_ENABLE_MODULES = YES;
				CLANG_ENABLE_OBJC_ARC = YES;
				CLANG_ENABLE_OBJC_WEAK = YES;
				CLANG_WARN_BLOCK_CAPTURE_AUTORELEASING = YES;
				CLANG_WARN_BOOL_CONVERSION = YES;
				CLANG_WARN_COMMA = YES;
				CLANG_WARN_CONSTANT_CONVERSION = YES;
				CLANG_WARN_DEPRECATED_OBJC_IMPLEMENTATIONS = YES;
				CLANG_WARN_DIRECT_OBJC_ISA_USAGE = YES_ERROR;
				CLANG_WARN_DOCUMENTATION_COMMENTS = YES;
				CLANG_WARN_EMPTY_BODY = YES;
				CLANG_WARN_ENUM_CONVERSION = YES;
				CLANG_WARN_INFINITE_RECURSION = YES;
				CLANG_WARN_INT_CONVERSION = YES;
				CLANG_WARN_NON_LITERAL_NULL_CONVERSION = YES;
				CLANG_WARN_OBJC_IMPLICIT_RETAIN_SELF = YES;
				CLANG_WARN_OBJC_LITERAL_CONVERSION = YES;
				CLANG_WARN_OBJC_ROOT_CLASS = YES_ERROR;
				CLANG_WARN_QUOTED_INCLUDE_IN_FRAMEWORK_HEADER = YES;
				CLANG_WARN_RANGE_LOOP_ANALYSIS = YES;
				CLANG_WARN_STRICT_PROTOTYPES = YES;
				CLANG_WARN_SUSPICIOUS_MOVE = YES;
				CLANG_WARN_UNGUARDED_AVAILABILITY = YES_AGGRESSIVE;
				CLANG_WARN_UNREACHABLE_CODE = YES;
				CLANG_WARN__DUPLICATE_METHOD_MATCH = YES;
				COPY_PHASE_STRIP = NO;
				DEBUG_INFORMATION_FORMAT = dwarf;
				ENABLE_STRICT_OBJC_MSGSEND = YES;
				ENABLE_TESTABILITY = YES;
				GCC_C_LANGUAGE_STANDARD = gnu11;
				GCC_DYNAMIC_NO_PIC = NO;
				GCC_NO_COMMON_BLOCKS = YES;
				GCC_OPTIMIZATION_LEVEL = 0;
				GCC_PREPROCESSOR_DEFINITIONS = (
					"DEBUG=1",
					"$(inherited)",
				);
				GCC_WARN_64_TO_32_BIT_CONVERSION = YES;
				GCC_WARN_ABOUT_RETURN_TYPE = YES_ERROR;
				GCC_WARN_UNDECLARED_SELECTOR = YES;
				GCC_WARN_UNINITIALIZED_AUTOS = YES_AGGRESSIVE;
				GCC_WARN_UNUSED_FUNCTION = YES;
				GCC_WARN_UNUSED_VARIABLE = YES;
				IPHONEOS_DEPLOYMENT_TARGET = 14.5;
				MTL_ENABLE_DEBUG_INFO = INCLUDE_SOURCE;
				MTL_FAST_MATH = YES;
				ONLY_ACTIVE_ARCH = YES;
				SDKROOT = iphoneos;
				SWIFT_ACTIVE_COMPILATION_CONDITIONS = DEBUG;
				SWIFT_OPTIMIZATION_LEVEL = "-Onone";
			};
			name = DebugQA;
		};
		DB17652728B99E77004D2115 /* DebugQA */ = {
			isa = XCBuildConfiguration;
			buildSettings = {
				ASSETCATALOG_COMPILER_APPICON_NAME = AppIcon;
				ASSETCATALOG_COMPILER_GLOBAL_ACCENT_COLOR_NAME = AccentColor;
				CODE_SIGN_STYLE = Automatic;
				DEVELOPMENT_ASSET_PATHS = "\"MyGBShop/Preview Content\"";
				ENABLE_PREVIEWS = YES;
				INFOPLIST_FILE = MyGBShop/Info.plist;
				LD_RUNPATH_SEARCH_PATHS = (
					"$(inherited)",
					"@executable_path/Frameworks",
				);
				PRODUCT_BUNDLE_IDENTIFIER = "-.MyGBShop";
				PRODUCT_NAME = "$(TARGET_NAME)";
				SWIFT_ACTIVE_COMPILATION_CONDITIONS = "DEBUG QA";
				SWIFT_VERSION = 5.0;
				TARGETED_DEVICE_FAMILY = "1,2";
			};
			name = DebugQA;
		};
		DB17652828B99E77004D2115 /* DebugQA */ = {
			isa = XCBuildConfiguration;
			buildSettings = {
				ALWAYS_EMBED_SWIFT_STANDARD_LIBRARIES = YES;
				BUNDLE_LOADER = "$(TEST_HOST)";
				CODE_SIGN_STYLE = Automatic;
				INFOPLIST_FILE = MyGBShopTests/Info.plist;
				IPHONEOS_DEPLOYMENT_TARGET = 14.5;
				LD_RUNPATH_SEARCH_PATHS = (
					"$(inherited)",
					"@executable_path/Frameworks",
					"@loader_path/Frameworks",
				);
				PRODUCT_BUNDLE_IDENTIFIER = "-.MyGBShopTests";
				PRODUCT_NAME = "$(TARGET_NAME)";
				SWIFT_VERSION = 5.0;
				TARGETED_DEVICE_FAMILY = "1,2";
				TEST_HOST = "$(BUILT_PRODUCTS_DIR)/MyGBShop.app/MyGBShop";
			};
			name = DebugQA;
		};
		DB17652928B99E77004D2115 /* DebugQA */ = {
			isa = XCBuildConfiguration;
			buildSettings = {
				ALWAYS_EMBED_SWIFT_STANDARD_LIBRARIES = YES;
				CODE_SIGN_STYLE = Automatic;
				INFOPLIST_FILE = MyGBShopUITests/Info.plist;
				LD_RUNPATH_SEARCH_PATHS = (
					"$(inherited)",
					"@executable_path/Frameworks",
					"@loader_path/Frameworks",
				);
				PRODUCT_BUNDLE_IDENTIFIER = "-.MyGBShopUITests";
				PRODUCT_NAME = "$(TARGET_NAME)";
				SWIFT_VERSION = 5.0;
				TARGETED_DEVICE_FAMILY = "1,2";
				TEST_TARGET_NAME = MyGBShop;
			};
			name = DebugQA;
		};
		DB17652A28B99E95004D2115 /* ReleaseQA */ = {
			isa = XCBuildConfiguration;
			buildSettings = {
				ALWAYS_SEARCH_USER_PATHS = NO;
				CLANG_ANALYZER_NONNULL = YES;
				CLANG_ANALYZER_NUMBER_OBJECT_CONVERSION = YES_AGGRESSIVE;
				CLANG_CXX_LANGUAGE_STANDARD = "gnu++14";
				CLANG_CXX_LIBRARY = "libc++";
				CLANG_ENABLE_MODULES = YES;
				CLANG_ENABLE_OBJC_ARC = YES;
				CLANG_ENABLE_OBJC_WEAK = YES;
				CLANG_WARN_BLOCK_CAPTURE_AUTORELEASING = YES;
				CLANG_WARN_BOOL_CONVERSION = YES;
				CLANG_WARN_COMMA = YES;
				CLANG_WARN_CONSTANT_CONVERSION = YES;
				CLANG_WARN_DEPRECATED_OBJC_IMPLEMENTATIONS = YES;
				CLANG_WARN_DIRECT_OBJC_ISA_USAGE = YES_ERROR;
				CLANG_WARN_DOCUMENTATION_COMMENTS = YES;
				CLANG_WARN_EMPTY_BODY = YES;
				CLANG_WARN_ENUM_CONVERSION = YES;
				CLANG_WARN_INFINITE_RECURSION = YES;
				CLANG_WARN_INT_CONVERSION = YES;
				CLANG_WARN_NON_LITERAL_NULL_CONVERSION = YES;
				CLANG_WARN_OBJC_IMPLICIT_RETAIN_SELF = YES;
				CLANG_WARN_OBJC_LITERAL_CONVERSION = YES;
				CLANG_WARN_OBJC_ROOT_CLASS = YES_ERROR;
				CLANG_WARN_QUOTED_INCLUDE_IN_FRAMEWORK_HEADER = YES;
				CLANG_WARN_RANGE_LOOP_ANALYSIS = YES;
				CLANG_WARN_STRICT_PROTOTYPES = YES;
				CLANG_WARN_SUSPICIOUS_MOVE = YES;
				CLANG_WARN_UNGUARDED_AVAILABILITY = YES_AGGRESSIVE;
				CLANG_WARN_UNREACHABLE_CODE = YES;
				CLANG_WARN__DUPLICATE_METHOD_MATCH = YES;
				COPY_PHASE_STRIP = NO;
				DEBUG_INFORMATION_FORMAT = "dwarf-with-dsym";
				ENABLE_NS_ASSERTIONS = NO;
				ENABLE_STRICT_OBJC_MSGSEND = YES;
				GCC_C_LANGUAGE_STANDARD = gnu11;
				GCC_NO_COMMON_BLOCKS = YES;
				GCC_WARN_64_TO_32_BIT_CONVERSION = YES;
				GCC_WARN_ABOUT_RETURN_TYPE = YES_ERROR;
				GCC_WARN_UNDECLARED_SELECTOR = YES;
				GCC_WARN_UNINITIALIZED_AUTOS = YES_AGGRESSIVE;
				GCC_WARN_UNUSED_FUNCTION = YES;
				GCC_WARN_UNUSED_VARIABLE = YES;
				IPHONEOS_DEPLOYMENT_TARGET = 14.5;
				MTL_ENABLE_DEBUG_INFO = NO;
				MTL_FAST_MATH = YES;
				SDKROOT = iphoneos;
				SWIFT_COMPILATION_MODE = wholemodule;
				SWIFT_OPTIMIZATION_LEVEL = "-O";
				VALIDATE_PRODUCT = YES;
			};
			name = ReleaseQA;
		};
		DB17652B28B99E95004D2115 /* ReleaseQA */ = {
			isa = XCBuildConfiguration;
			buildSettings = {
				ASSETCATALOG_COMPILER_APPICON_NAME = AppIcon;
				ASSETCATALOG_COMPILER_GLOBAL_ACCENT_COLOR_NAME = AccentColor;
				CODE_SIGN_STYLE = Automatic;
				DEVELOPMENT_ASSET_PATHS = "\"MyGBShop/Preview Content\"";
				ENABLE_PREVIEWS = YES;
				INFOPLIST_FILE = MyGBShop/Info.plist;
				LD_RUNPATH_SEARCH_PATHS = (
					"$(inherited)",
					"@executable_path/Frameworks",
				);
				PRODUCT_BUNDLE_IDENTIFIER = "-.MyGBShop";
				PRODUCT_NAME = "$(TARGET_NAME)";
				SWIFT_ACTIVE_COMPILATION_CONDITIONS = QA;
				SWIFT_VERSION = 5.0;
				TARGETED_DEVICE_FAMILY = "1,2";
			};
			name = ReleaseQA;
		};
		DB17652C28B99E95004D2115 /* ReleaseQA */ = {
			isa = XCBuildConfiguration;
			buildSettings = {
				ALWAYS_EMBED_SWIFT_STANDARD_LIBRARIES = YES;
				BUNDLE_LOADER = "$(TEST_HOST)";
				CODE_SIGN_STYLE = Automatic;
				INFOPLIST_FILE = MyGBShopTests/Info.plist;
				IPHONEOS_DEPLOYMENT_TARGET = 14.5;
				LD_RUNPATH_SEARCH_PATHS = (
					"$(inherited)",
					"@executable_path/Frameworks",
					"@loader_path/Frameworks",
				);
				PRODUCT_BUNDLE_IDENTIFIER = "-.MyGBShopTests";
				PRODUCT_NAME = "$(TARGET_NAME)";
				SWIFT_VERSION = 5.0;
				TARGETED_DEVICE_FAMILY = "1,2";
				TEST_HOST = "$(BUILT_PRODUCTS_DIR)/MyGBShop.app/MyGBShop";
			};
			name = ReleaseQA;
		};
		DB17652D28B99E95004D2115 /* ReleaseQA */ = {
			isa = XCBuildConfiguration;
			buildSettings = {
				ALWAYS_EMBED_SWIFT_STANDARD_LIBRARIES = YES;
				CODE_SIGN_STYLE = Automatic;
				INFOPLIST_FILE = MyGBShopUITests/Info.plist;
				LD_RUNPATH_SEARCH_PATHS = (
					"$(inherited)",
					"@executable_path/Frameworks",
					"@loader_path/Frameworks",
				);
				PRODUCT_BUNDLE_IDENTIFIER = "-.MyGBShopUITests";
				PRODUCT_NAME = "$(TARGET_NAME)";
				SWIFT_VERSION = 5.0;
				TARGETED_DEVICE_FAMILY = "1,2";
				TEST_TARGET_NAME = MyGBShop;
			};
			name = ReleaseQA;
		};
		DB17652E28B99EA8004D2115 /* DebugDemo */ = {
			isa = XCBuildConfiguration;
			buildSettings = {
				ALWAYS_SEARCH_USER_PATHS = NO;
				CLANG_ANALYZER_NONNULL = YES;
				CLANG_ANALYZER_NUMBER_OBJECT_CONVERSION = YES_AGGRESSIVE;
				CLANG_CXX_LANGUAGE_STANDARD = "gnu++14";
				CLANG_CXX_LIBRARY = "libc++";
				CLANG_ENABLE_MODULES = YES;
				CLANG_ENABLE_OBJC_ARC = YES;
				CLANG_ENABLE_OBJC_WEAK = YES;
				CLANG_WARN_BLOCK_CAPTURE_AUTORELEASING = YES;
				CLANG_WARN_BOOL_CONVERSION = YES;
				CLANG_WARN_COMMA = YES;
				CLANG_WARN_CONSTANT_CONVERSION = YES;
				CLANG_WARN_DEPRECATED_OBJC_IMPLEMENTATIONS = YES;
				CLANG_WARN_DIRECT_OBJC_ISA_USAGE = YES_ERROR;
				CLANG_WARN_DOCUMENTATION_COMMENTS = YES;
				CLANG_WARN_EMPTY_BODY = YES;
				CLANG_WARN_ENUM_CONVERSION = YES;
				CLANG_WARN_INFINITE_RECURSION = YES;
				CLANG_WARN_INT_CONVERSION = YES;
				CLANG_WARN_NON_LITERAL_NULL_CONVERSION = YES;
				CLANG_WARN_OBJC_IMPLICIT_RETAIN_SELF = YES;
				CLANG_WARN_OBJC_LITERAL_CONVERSION = YES;
				CLANG_WARN_OBJC_ROOT_CLASS = YES_ERROR;
				CLANG_WARN_QUOTED_INCLUDE_IN_FRAMEWORK_HEADER = YES;
				CLANG_WARN_RANGE_LOOP_ANALYSIS = YES;
				CLANG_WARN_STRICT_PROTOTYPES = YES;
				CLANG_WARN_SUSPICIOUS_MOVE = YES;
				CLANG_WARN_UNGUARDED_AVAILABILITY = YES_AGGRESSIVE;
				CLANG_WARN_UNREACHABLE_CODE = YES;
				CLANG_WARN__DUPLICATE_METHOD_MATCH = YES;
				COPY_PHASE_STRIP = NO;
				DEBUG_INFORMATION_FORMAT = dwarf;
				ENABLE_STRICT_OBJC_MSGSEND = YES;
				ENABLE_TESTABILITY = YES;
				GCC_C_LANGUAGE_STANDARD = gnu11;
				GCC_DYNAMIC_NO_PIC = NO;
				GCC_NO_COMMON_BLOCKS = YES;
				GCC_OPTIMIZATION_LEVEL = 0;
				GCC_PREPROCESSOR_DEFINITIONS = (
					"DEBUG=1",
					"$(inherited)",
				);
				GCC_WARN_64_TO_32_BIT_CONVERSION = YES;
				GCC_WARN_ABOUT_RETURN_TYPE = YES_ERROR;
				GCC_WARN_UNDECLARED_SELECTOR = YES;
				GCC_WARN_UNINITIALIZED_AUTOS = YES_AGGRESSIVE;
				GCC_WARN_UNUSED_FUNCTION = YES;
				GCC_WARN_UNUSED_VARIABLE = YES;
				IPHONEOS_DEPLOYMENT_TARGET = 14.5;
				MTL_ENABLE_DEBUG_INFO = INCLUDE_SOURCE;
				MTL_FAST_MATH = YES;
				ONLY_ACTIVE_ARCH = YES;
				SDKROOT = iphoneos;
				SWIFT_ACTIVE_COMPILATION_CONDITIONS = DEBUG;
				SWIFT_OPTIMIZATION_LEVEL = "-Onone";
			};
			name = DebugDemo;
		};
		DB17652F28B99EA8004D2115 /* DebugDemo */ = {
			isa = XCBuildConfiguration;
			buildSettings = {
				ASSETCATALOG_COMPILER_APPICON_NAME = AppIcon;
				ASSETCATALOG_COMPILER_GLOBAL_ACCENT_COLOR_NAME = AccentColor;
				CODE_SIGN_STYLE = Automatic;
				DEVELOPMENT_ASSET_PATHS = "\"MyGBShop/Preview Content\"";
				ENABLE_PREVIEWS = YES;
				INFOPLIST_FILE = MyGBShop/Info.plist;
				LD_RUNPATH_SEARCH_PATHS = (
					"$(inherited)",
					"@executable_path/Frameworks",
				);
				PRODUCT_BUNDLE_IDENTIFIER = "-.MyGBShop";
				PRODUCT_NAME = "$(TARGET_NAME)";
				SWIFT_ACTIVE_COMPILATION_CONDITIONS = "DEBUG DEMO";
				SWIFT_VERSION = 5.0;
				TARGETED_DEVICE_FAMILY = "1,2";
			};
			name = DebugDemo;
		};
		DB17653028B99EA8004D2115 /* DebugDemo */ = {
			isa = XCBuildConfiguration;
			buildSettings = {
				ALWAYS_EMBED_SWIFT_STANDARD_LIBRARIES = YES;
				BUNDLE_LOADER = "$(TEST_HOST)";
				CODE_SIGN_STYLE = Automatic;
				INFOPLIST_FILE = MyGBShopTests/Info.plist;
				IPHONEOS_DEPLOYMENT_TARGET = 14.5;
				LD_RUNPATH_SEARCH_PATHS = (
					"$(inherited)",
					"@executable_path/Frameworks",
					"@loader_path/Frameworks",
				);
				PRODUCT_BUNDLE_IDENTIFIER = "-.MyGBShopTests";
				PRODUCT_NAME = "$(TARGET_NAME)";
				SWIFT_VERSION = 5.0;
				TARGETED_DEVICE_FAMILY = "1,2";
				TEST_HOST = "$(BUILT_PRODUCTS_DIR)/MyGBShop.app/MyGBShop";
			};
			name = DebugDemo;
		};
		DB17653128B99EA8004D2115 /* DebugDemo */ = {
			isa = XCBuildConfiguration;
			buildSettings = {
				ALWAYS_EMBED_SWIFT_STANDARD_LIBRARIES = YES;
				CODE_SIGN_STYLE = Automatic;
				INFOPLIST_FILE = MyGBShopUITests/Info.plist;
				LD_RUNPATH_SEARCH_PATHS = (
					"$(inherited)",
					"@executable_path/Frameworks",
					"@loader_path/Frameworks",
				);
				PRODUCT_BUNDLE_IDENTIFIER = "-.MyGBShopUITests";
				PRODUCT_NAME = "$(TARGET_NAME)";
				SWIFT_VERSION = 5.0;
				TARGETED_DEVICE_FAMILY = "1,2";
				TEST_TARGET_NAME = MyGBShop;
			};
			name = DebugDemo;
		};
		DB17653228B99EC1004D2115 /* ReleaseDemo */ = {
			isa = XCBuildConfiguration;
			buildSettings = {
				ALWAYS_SEARCH_USER_PATHS = NO;
				CLANG_ANALYZER_NONNULL = YES;
				CLANG_ANALYZER_NUMBER_OBJECT_CONVERSION = YES_AGGRESSIVE;
				CLANG_CXX_LANGUAGE_STANDARD = "gnu++14";
				CLANG_CXX_LIBRARY = "libc++";
				CLANG_ENABLE_MODULES = YES;
				CLANG_ENABLE_OBJC_ARC = YES;
				CLANG_ENABLE_OBJC_WEAK = YES;
				CLANG_WARN_BLOCK_CAPTURE_AUTORELEASING = YES;
				CLANG_WARN_BOOL_CONVERSION = YES;
				CLANG_WARN_COMMA = YES;
				CLANG_WARN_CONSTANT_CONVERSION = YES;
				CLANG_WARN_DEPRECATED_OBJC_IMPLEMENTATIONS = YES;
				CLANG_WARN_DIRECT_OBJC_ISA_USAGE = YES_ERROR;
				CLANG_WARN_DOCUMENTATION_COMMENTS = YES;
				CLANG_WARN_EMPTY_BODY = YES;
				CLANG_WARN_ENUM_CONVERSION = YES;
				CLANG_WARN_INFINITE_RECURSION = YES;
				CLANG_WARN_INT_CONVERSION = YES;
				CLANG_WARN_NON_LITERAL_NULL_CONVERSION = YES;
				CLANG_WARN_OBJC_IMPLICIT_RETAIN_SELF = YES;
				CLANG_WARN_OBJC_LITERAL_CONVERSION = YES;
				CLANG_WARN_OBJC_ROOT_CLASS = YES_ERROR;
				CLANG_WARN_QUOTED_INCLUDE_IN_FRAMEWORK_HEADER = YES;
				CLANG_WARN_RANGE_LOOP_ANALYSIS = YES;
				CLANG_WARN_STRICT_PROTOTYPES = YES;
				CLANG_WARN_SUSPICIOUS_MOVE = YES;
				CLANG_WARN_UNGUARDED_AVAILABILITY = YES_AGGRESSIVE;
				CLANG_WARN_UNREACHABLE_CODE = YES;
				CLANG_WARN__DUPLICATE_METHOD_MATCH = YES;
				COPY_PHASE_STRIP = NO;
				DEBUG_INFORMATION_FORMAT = "dwarf-with-dsym";
				ENABLE_NS_ASSERTIONS = NO;
				ENABLE_STRICT_OBJC_MSGSEND = YES;
				GCC_C_LANGUAGE_STANDARD = gnu11;
				GCC_NO_COMMON_BLOCKS = YES;
				GCC_WARN_64_TO_32_BIT_CONVERSION = YES;
				GCC_WARN_ABOUT_RETURN_TYPE = YES_ERROR;
				GCC_WARN_UNDECLARED_SELECTOR = YES;
				GCC_WARN_UNINITIALIZED_AUTOS = YES_AGGRESSIVE;
				GCC_WARN_UNUSED_FUNCTION = YES;
				GCC_WARN_UNUSED_VARIABLE = YES;
				IPHONEOS_DEPLOYMENT_TARGET = 14.5;
				MTL_ENABLE_DEBUG_INFO = NO;
				MTL_FAST_MATH = YES;
				SDKROOT = iphoneos;
				SWIFT_COMPILATION_MODE = wholemodule;
				SWIFT_OPTIMIZATION_LEVEL = "-O";
				VALIDATE_PRODUCT = YES;
			};
			name = ReleaseDemo;
		};
		DB17653328B99EC1004D2115 /* ReleaseDemo */ = {
			isa = XCBuildConfiguration;
			buildSettings = {
				ASSETCATALOG_COMPILER_APPICON_NAME = AppIcon;
				ASSETCATALOG_COMPILER_GLOBAL_ACCENT_COLOR_NAME = AccentColor;
				CODE_SIGN_STYLE = Automatic;
				DEVELOPMENT_ASSET_PATHS = "\"MyGBShop/Preview Content\"";
				ENABLE_PREVIEWS = YES;
				INFOPLIST_FILE = MyGBShop/Info.plist;
				LD_RUNPATH_SEARCH_PATHS = (
					"$(inherited)",
					"@executable_path/Frameworks",
				);
				PRODUCT_BUNDLE_IDENTIFIER = "-.MyGBShop";
				PRODUCT_NAME = "$(TARGET_NAME)";
				SWIFT_ACTIVE_COMPILATION_CONDITIONS = DEMO;
				SWIFT_VERSION = 5.0;
				TARGETED_DEVICE_FAMILY = "1,2";
			};
			name = ReleaseDemo;
		};
		DB17653428B99EC1004D2115 /* ReleaseDemo */ = {
			isa = XCBuildConfiguration;
			buildSettings = {
				ALWAYS_EMBED_SWIFT_STANDARD_LIBRARIES = YES;
				BUNDLE_LOADER = "$(TEST_HOST)";
				CODE_SIGN_STYLE = Automatic;
				INFOPLIST_FILE = MyGBShopTests/Info.plist;
				IPHONEOS_DEPLOYMENT_TARGET = 14.5;
				LD_RUNPATH_SEARCH_PATHS = (
					"$(inherited)",
					"@executable_path/Frameworks",
					"@loader_path/Frameworks",
				);
				PRODUCT_BUNDLE_IDENTIFIER = "-.MyGBShopTests";
				PRODUCT_NAME = "$(TARGET_NAME)";
				SWIFT_VERSION = 5.0;
				TARGETED_DEVICE_FAMILY = "1,2";
				TEST_HOST = "$(BUILT_PRODUCTS_DIR)/MyGBShop.app/MyGBShop";
			};
			name = ReleaseDemo;
		};
		DB17653528B99EC1004D2115 /* ReleaseDemo */ = {
			isa = XCBuildConfiguration;
			buildSettings = {
				ALWAYS_EMBED_SWIFT_STANDARD_LIBRARIES = YES;
				CODE_SIGN_STYLE = Automatic;
				INFOPLIST_FILE = MyGBShopUITests/Info.plist;
				LD_RUNPATH_SEARCH_PATHS = (
					"$(inherited)",
					"@executable_path/Frameworks",
					"@loader_path/Frameworks",
				);
				PRODUCT_BUNDLE_IDENTIFIER = "-.MyGBShopUITests";
				PRODUCT_NAME = "$(TARGET_NAME)";
				SWIFT_VERSION = 5.0;
				TARGETED_DEVICE_FAMILY = "1,2";
				TEST_TARGET_NAME = MyGBShop;
			};
			name = ReleaseDemo;
		};
		DB17653628B99ECD004D2115 /* DebugProd */ = {
			isa = XCBuildConfiguration;
			buildSettings = {
				ALWAYS_SEARCH_USER_PATHS = NO;
				CLANG_ANALYZER_NONNULL = YES;
				CLANG_ANALYZER_NUMBER_OBJECT_CONVERSION = YES_AGGRESSIVE;
				CLANG_CXX_LANGUAGE_STANDARD = "gnu++14";
				CLANG_CXX_LIBRARY = "libc++";
				CLANG_ENABLE_MODULES = YES;
				CLANG_ENABLE_OBJC_ARC = YES;
				CLANG_ENABLE_OBJC_WEAK = YES;
				CLANG_WARN_BLOCK_CAPTURE_AUTORELEASING = YES;
				CLANG_WARN_BOOL_CONVERSION = YES;
				CLANG_WARN_COMMA = YES;
				CLANG_WARN_CONSTANT_CONVERSION = YES;
				CLANG_WARN_DEPRECATED_OBJC_IMPLEMENTATIONS = YES;
				CLANG_WARN_DIRECT_OBJC_ISA_USAGE = YES_ERROR;
				CLANG_WARN_DOCUMENTATION_COMMENTS = YES;
				CLANG_WARN_EMPTY_BODY = YES;
				CLANG_WARN_ENUM_CONVERSION = YES;
				CLANG_WARN_INFINITE_RECURSION = YES;
				CLANG_WARN_INT_CONVERSION = YES;
				CLANG_WARN_NON_LITERAL_NULL_CONVERSION = YES;
				CLANG_WARN_OBJC_IMPLICIT_RETAIN_SELF = YES;
				CLANG_WARN_OBJC_LITERAL_CONVERSION = YES;
				CLANG_WARN_OBJC_ROOT_CLASS = YES_ERROR;
				CLANG_WARN_QUOTED_INCLUDE_IN_FRAMEWORK_HEADER = YES;
				CLANG_WARN_RANGE_LOOP_ANALYSIS = YES;
				CLANG_WARN_STRICT_PROTOTYPES = YES;
				CLANG_WARN_SUSPICIOUS_MOVE = YES;
				CLANG_WARN_UNGUARDED_AVAILABILITY = YES_AGGRESSIVE;
				CLANG_WARN_UNREACHABLE_CODE = YES;
				CLANG_WARN__DUPLICATE_METHOD_MATCH = YES;
				COPY_PHASE_STRIP = NO;
				DEBUG_INFORMATION_FORMAT = dwarf;
				ENABLE_STRICT_OBJC_MSGSEND = YES;
				ENABLE_TESTABILITY = YES;
				GCC_C_LANGUAGE_STANDARD = gnu11;
				GCC_DYNAMIC_NO_PIC = NO;
				GCC_NO_COMMON_BLOCKS = YES;
				GCC_OPTIMIZATION_LEVEL = 0;
				GCC_PREPROCESSOR_DEFINITIONS = (
					"DEBUG=1",
					"$(inherited)",
				);
				GCC_WARN_64_TO_32_BIT_CONVERSION = YES;
				GCC_WARN_ABOUT_RETURN_TYPE = YES_ERROR;
				GCC_WARN_UNDECLARED_SELECTOR = YES;
				GCC_WARN_UNINITIALIZED_AUTOS = YES_AGGRESSIVE;
				GCC_WARN_UNUSED_FUNCTION = YES;
				GCC_WARN_UNUSED_VARIABLE = YES;
				IPHONEOS_DEPLOYMENT_TARGET = 14.5;
				MTL_ENABLE_DEBUG_INFO = INCLUDE_SOURCE;
				MTL_FAST_MATH = YES;
				ONLY_ACTIVE_ARCH = YES;
				SDKROOT = iphoneos;
				SWIFT_ACTIVE_COMPILATION_CONDITIONS = DEBUG;
				SWIFT_OPTIMIZATION_LEVEL = "-Onone";
			};
			name = DebugProd;
		};
		DB17653728B99ECD004D2115 /* DebugProd */ = {
			isa = XCBuildConfiguration;
			buildSettings = {
				ASSETCATALOG_COMPILER_APPICON_NAME = AppIcon;
				ASSETCATALOG_COMPILER_GLOBAL_ACCENT_COLOR_NAME = AccentColor;
				CODE_SIGN_STYLE = Automatic;
				DEVELOPMENT_ASSET_PATHS = "\"MyGBShop/Preview Content\"";
				ENABLE_PREVIEWS = YES;
				INFOPLIST_FILE = MyGBShop/Info.plist;
				LD_RUNPATH_SEARCH_PATHS = (
					"$(inherited)",
					"@executable_path/Frameworks",
				);
				PRODUCT_BUNDLE_IDENTIFIER = "-.MyGBShop";
				PRODUCT_NAME = "$(TARGET_NAME)";
				SWIFT_ACTIVE_COMPILATION_CONDITIONS = "DEBUG PROD";
				SWIFT_VERSION = 5.0;
				TARGETED_DEVICE_FAMILY = "1,2";
			};
			name = DebugProd;
		};
		DB17653828B99ECD004D2115 /* DebugProd */ = {
			isa = XCBuildConfiguration;
			buildSettings = {
				ALWAYS_EMBED_SWIFT_STANDARD_LIBRARIES = YES;
				BUNDLE_LOADER = "$(TEST_HOST)";
				CODE_SIGN_STYLE = Automatic;
				INFOPLIST_FILE = MyGBShopTests/Info.plist;
				IPHONEOS_DEPLOYMENT_TARGET = 14.5;
				LD_RUNPATH_SEARCH_PATHS = (
					"$(inherited)",
					"@executable_path/Frameworks",
					"@loader_path/Frameworks",
				);
				PRODUCT_BUNDLE_IDENTIFIER = "-.MyGBShopTests";
				PRODUCT_NAME = "$(TARGET_NAME)";
				SWIFT_VERSION = 5.0;
				TARGETED_DEVICE_FAMILY = "1,2";
				TEST_HOST = "$(BUILT_PRODUCTS_DIR)/MyGBShop.app/MyGBShop";
			};
			name = DebugProd;
		};
		DB17653928B99ECD004D2115 /* DebugProd */ = {
			isa = XCBuildConfiguration;
			buildSettings = {
				ALWAYS_EMBED_SWIFT_STANDARD_LIBRARIES = YES;
				CODE_SIGN_STYLE = Automatic;
				INFOPLIST_FILE = MyGBShopUITests/Info.plist;
				LD_RUNPATH_SEARCH_PATHS = (
					"$(inherited)",
					"@executable_path/Frameworks",
					"@loader_path/Frameworks",
				);
				PRODUCT_BUNDLE_IDENTIFIER = "-.MyGBShopUITests";
				PRODUCT_NAME = "$(TARGET_NAME)";
				SWIFT_VERSION = 5.0;
				TARGETED_DEVICE_FAMILY = "1,2";
				TEST_TARGET_NAME = MyGBShop;
			};
			name = DebugProd;
		};
		DB17653A28B99ED6004D2115 /* ReleaseProd */ = {
			isa = XCBuildConfiguration;
			buildSettings = {
				ALWAYS_SEARCH_USER_PATHS = NO;
				CLANG_ANALYZER_NONNULL = YES;
				CLANG_ANALYZER_NUMBER_OBJECT_CONVERSION = YES_AGGRESSIVE;
				CLANG_CXX_LANGUAGE_STANDARD = "gnu++14";
				CLANG_CXX_LIBRARY = "libc++";
				CLANG_ENABLE_MODULES = YES;
				CLANG_ENABLE_OBJC_ARC = YES;
				CLANG_ENABLE_OBJC_WEAK = YES;
				CLANG_WARN_BLOCK_CAPTURE_AUTORELEASING = YES;
				CLANG_WARN_BOOL_CONVERSION = YES;
				CLANG_WARN_COMMA = YES;
				CLANG_WARN_CONSTANT_CONVERSION = YES;
				CLANG_WARN_DEPRECATED_OBJC_IMPLEMENTATIONS = YES;
				CLANG_WARN_DIRECT_OBJC_ISA_USAGE = YES_ERROR;
				CLANG_WARN_DOCUMENTATION_COMMENTS = YES;
				CLANG_WARN_EMPTY_BODY = YES;
				CLANG_WARN_ENUM_CONVERSION = YES;
				CLANG_WARN_INFINITE_RECURSION = YES;
				CLANG_WARN_INT_CONVERSION = YES;
				CLANG_WARN_NON_LITERAL_NULL_CONVERSION = YES;
				CLANG_WARN_OBJC_IMPLICIT_RETAIN_SELF = YES;
				CLANG_WARN_OBJC_LITERAL_CONVERSION = YES;
				CLANG_WARN_OBJC_ROOT_CLASS = YES_ERROR;
				CLANG_WARN_QUOTED_INCLUDE_IN_FRAMEWORK_HEADER = YES;
				CLANG_WARN_RANGE_LOOP_ANALYSIS = YES;
				CLANG_WARN_STRICT_PROTOTYPES = YES;
				CLANG_WARN_SUSPICIOUS_MOVE = YES;
				CLANG_WARN_UNGUARDED_AVAILABILITY = YES_AGGRESSIVE;
				CLANG_WARN_UNREACHABLE_CODE = YES;
				CLANG_WARN__DUPLICATE_METHOD_MATCH = YES;
				COPY_PHASE_STRIP = NO;
				DEBUG_INFORMATION_FORMAT = "dwarf-with-dsym";
				ENABLE_NS_ASSERTIONS = NO;
				ENABLE_STRICT_OBJC_MSGSEND = YES;
				GCC_C_LANGUAGE_STANDARD = gnu11;
				GCC_NO_COMMON_BLOCKS = YES;
				GCC_WARN_64_TO_32_BIT_CONVERSION = YES;
				GCC_WARN_ABOUT_RETURN_TYPE = YES_ERROR;
				GCC_WARN_UNDECLARED_SELECTOR = YES;
				GCC_WARN_UNINITIALIZED_AUTOS = YES_AGGRESSIVE;
				GCC_WARN_UNUSED_FUNCTION = YES;
				GCC_WARN_UNUSED_VARIABLE = YES;
				IPHONEOS_DEPLOYMENT_TARGET = 14.5;
				MTL_ENABLE_DEBUG_INFO = NO;
				MTL_FAST_MATH = YES;
				SDKROOT = iphoneos;
				SWIFT_COMPILATION_MODE = wholemodule;
				SWIFT_OPTIMIZATION_LEVEL = "-O";
				VALIDATE_PRODUCT = YES;
			};
			name = ReleaseProd;
		};
		DB17653B28B99ED6004D2115 /* ReleaseProd */ = {
			isa = XCBuildConfiguration;
			buildSettings = {
				ASSETCATALOG_COMPILER_APPICON_NAME = AppIcon;
				ASSETCATALOG_COMPILER_GLOBAL_ACCENT_COLOR_NAME = AccentColor;
				CODE_SIGN_STYLE = Automatic;
				DEVELOPMENT_ASSET_PATHS = "\"MyGBShop/Preview Content\"";
				ENABLE_PREVIEWS = YES;
				INFOPLIST_FILE = MyGBShop/Info.plist;
				LD_RUNPATH_SEARCH_PATHS = (
					"$(inherited)",
					"@executable_path/Frameworks",
				);
				PRODUCT_BUNDLE_IDENTIFIER = "-.MyGBShop";
				PRODUCT_NAME = "$(TARGET_NAME)";
				SWIFT_ACTIVE_COMPILATION_CONDITIONS = PROD;
				SWIFT_VERSION = 5.0;
				TARGETED_DEVICE_FAMILY = "1,2";
			};
			name = ReleaseProd;
		};
		DB17653C28B99ED6004D2115 /* ReleaseProd */ = {
			isa = XCBuildConfiguration;
			buildSettings = {
				ALWAYS_EMBED_SWIFT_STANDARD_LIBRARIES = YES;
				BUNDLE_LOADER = "$(TEST_HOST)";
				CODE_SIGN_STYLE = Automatic;
				INFOPLIST_FILE = MyGBShopTests/Info.plist;
				IPHONEOS_DEPLOYMENT_TARGET = 14.5;
				LD_RUNPATH_SEARCH_PATHS = (
					"$(inherited)",
					"@executable_path/Frameworks",
					"@loader_path/Frameworks",
				);
				PRODUCT_BUNDLE_IDENTIFIER = "-.MyGBShopTests";
				PRODUCT_NAME = "$(TARGET_NAME)";
				SWIFT_VERSION = 5.0;
				TARGETED_DEVICE_FAMILY = "1,2";
				TEST_HOST = "$(BUILT_PRODUCTS_DIR)/MyGBShop.app/MyGBShop";
			};
			name = ReleaseProd;
		};
		DB17653D28B99ED6004D2115 /* ReleaseProd */ = {
			isa = XCBuildConfiguration;
			buildSettings = {
				ALWAYS_EMBED_SWIFT_STANDARD_LIBRARIES = YES;
				CODE_SIGN_STYLE = Automatic;
				INFOPLIST_FILE = MyGBShopUITests/Info.plist;
				LD_RUNPATH_SEARCH_PATHS = (
					"$(inherited)",
					"@executable_path/Frameworks",
					"@loader_path/Frameworks",
				);
				PRODUCT_BUNDLE_IDENTIFIER = "-.MyGBShopUITests";
				PRODUCT_NAME = "$(TARGET_NAME)";
				SWIFT_VERSION = 5.0;
				TARGETED_DEVICE_FAMILY = "1,2";
				TEST_TARGET_NAME = MyGBShop;
			};
			name = ReleaseProd;
		};
		DB17653E28B99EEF004D2115 /* DebugDev */ = {
			isa = XCBuildConfiguration;
			buildSettings = {
				ALWAYS_SEARCH_USER_PATHS = NO;
				CLANG_ANALYZER_NONNULL = YES;
				CLANG_ANALYZER_NUMBER_OBJECT_CONVERSION = YES_AGGRESSIVE;
				CLANG_CXX_LANGUAGE_STANDARD = "gnu++14";
				CLANG_CXX_LIBRARY = "libc++";
				CLANG_ENABLE_MODULES = YES;
				CLANG_ENABLE_OBJC_ARC = YES;
				CLANG_ENABLE_OBJC_WEAK = YES;
				CLANG_WARN_BLOCK_CAPTURE_AUTORELEASING = YES;
				CLANG_WARN_BOOL_CONVERSION = YES;
				CLANG_WARN_COMMA = YES;
				CLANG_WARN_CONSTANT_CONVERSION = YES;
				CLANG_WARN_DEPRECATED_OBJC_IMPLEMENTATIONS = YES;
				CLANG_WARN_DIRECT_OBJC_ISA_USAGE = YES_ERROR;
				CLANG_WARN_DOCUMENTATION_COMMENTS = YES;
				CLANG_WARN_EMPTY_BODY = YES;
				CLANG_WARN_ENUM_CONVERSION = YES;
				CLANG_WARN_INFINITE_RECURSION = YES;
				CLANG_WARN_INT_CONVERSION = YES;
				CLANG_WARN_NON_LITERAL_NULL_CONVERSION = YES;
				CLANG_WARN_OBJC_IMPLICIT_RETAIN_SELF = YES;
				CLANG_WARN_OBJC_LITERAL_CONVERSION = YES;
				CLANG_WARN_OBJC_ROOT_CLASS = YES_ERROR;
				CLANG_WARN_QUOTED_INCLUDE_IN_FRAMEWORK_HEADER = YES;
				CLANG_WARN_RANGE_LOOP_ANALYSIS = YES;
				CLANG_WARN_STRICT_PROTOTYPES = YES;
				CLANG_WARN_SUSPICIOUS_MOVE = YES;
				CLANG_WARN_UNGUARDED_AVAILABILITY = YES_AGGRESSIVE;
				CLANG_WARN_UNREACHABLE_CODE = YES;
				CLANG_WARN__DUPLICATE_METHOD_MATCH = YES;
				COPY_PHASE_STRIP = NO;
				DEBUG_INFORMATION_FORMAT = dwarf;
				ENABLE_STRICT_OBJC_MSGSEND = YES;
				ENABLE_TESTABILITY = YES;
				GCC_C_LANGUAGE_STANDARD = gnu11;
				GCC_DYNAMIC_NO_PIC = NO;
				GCC_NO_COMMON_BLOCKS = YES;
				GCC_OPTIMIZATION_LEVEL = 0;
				GCC_PREPROCESSOR_DEFINITIONS = (
					"DEBUG=1",
					"$(inherited)",
				);
				GCC_WARN_64_TO_32_BIT_CONVERSION = YES;
				GCC_WARN_ABOUT_RETURN_TYPE = YES_ERROR;
				GCC_WARN_UNDECLARED_SELECTOR = YES;
				GCC_WARN_UNINITIALIZED_AUTOS = YES_AGGRESSIVE;
				GCC_WARN_UNUSED_FUNCTION = YES;
				GCC_WARN_UNUSED_VARIABLE = YES;
				IPHONEOS_DEPLOYMENT_TARGET = 14.5;
				MTL_ENABLE_DEBUG_INFO = INCLUDE_SOURCE;
				MTL_FAST_MATH = YES;
				ONLY_ACTIVE_ARCH = YES;
				SDKROOT = iphoneos;
				SWIFT_ACTIVE_COMPILATION_CONDITIONS = DEBUG;
				SWIFT_OPTIMIZATION_LEVEL = "-Onone";
			};
			name = DebugDev;
		};
		DB17653F28B99EEF004D2115 /* DebugDev */ = {
			isa = XCBuildConfiguration;
			buildSettings = {
				ASSETCATALOG_COMPILER_APPICON_NAME = AppIcon;
				ASSETCATALOG_COMPILER_GLOBAL_ACCENT_COLOR_NAME = AccentColor;
				CODE_SIGN_STYLE = Automatic;
				DEVELOPMENT_ASSET_PATHS = "\"MyGBShop/Preview Content\"";
				ENABLE_PREVIEWS = YES;
				INFOPLIST_FILE = MyGBShop/Info.plist;
				LD_RUNPATH_SEARCH_PATHS = (
					"$(inherited)",
					"@executable_path/Frameworks",
				);
				PRODUCT_BUNDLE_IDENTIFIER = "-.MyGBShop";
				PRODUCT_NAME = "$(TARGET_NAME)";
				SWIFT_ACTIVE_COMPILATION_CONDITIONS = "DEBUG DEV";
				SWIFT_VERSION = 5.0;
				TARGETED_DEVICE_FAMILY = "1,2";
			};
			name = DebugDev;
		};
		DB17654028B99EEF004D2115 /* DebugDev */ = {
			isa = XCBuildConfiguration;
			buildSettings = {
				ALWAYS_EMBED_SWIFT_STANDARD_LIBRARIES = YES;
				BUNDLE_LOADER = "$(TEST_HOST)";
				CODE_SIGN_STYLE = Automatic;
				INFOPLIST_FILE = MyGBShopTests/Info.plist;
				IPHONEOS_DEPLOYMENT_TARGET = 14.5;
				LD_RUNPATH_SEARCH_PATHS = (
					"$(inherited)",
					"@executable_path/Frameworks",
					"@loader_path/Frameworks",
				);
				PRODUCT_BUNDLE_IDENTIFIER = "-.MyGBShopTests";
				PRODUCT_NAME = "$(TARGET_NAME)";
				SWIFT_VERSION = 5.0;
				TARGETED_DEVICE_FAMILY = "1,2";
				TEST_HOST = "$(BUILT_PRODUCTS_DIR)/MyGBShop.app/MyGBShop";
			};
			name = DebugDev;
		};
		DB17654128B99EEF004D2115 /* DebugDev */ = {
			isa = XCBuildConfiguration;
			buildSettings = {
				ALWAYS_EMBED_SWIFT_STANDARD_LIBRARIES = YES;
				CODE_SIGN_STYLE = Automatic;
				INFOPLIST_FILE = MyGBShopUITests/Info.plist;
				LD_RUNPATH_SEARCH_PATHS = (
					"$(inherited)",
					"@executable_path/Frameworks",
					"@loader_path/Frameworks",
				);
				PRODUCT_BUNDLE_IDENTIFIER = "-.MyGBShopUITests";
				PRODUCT_NAME = "$(TARGET_NAME)";
				SWIFT_VERSION = 5.0;
				TARGETED_DEVICE_FAMILY = "1,2";
				TEST_TARGET_NAME = MyGBShop;
			};
			name = DebugDev;
		};
		DB17654228B99EF7004D2115 /* ReleaseDev */ = {
			isa = XCBuildConfiguration;
			buildSettings = {
				ALWAYS_SEARCH_USER_PATHS = NO;
				CLANG_ANALYZER_NONNULL = YES;
				CLANG_ANALYZER_NUMBER_OBJECT_CONVERSION = YES_AGGRESSIVE;
				CLANG_CXX_LANGUAGE_STANDARD = "gnu++14";
				CLANG_CXX_LIBRARY = "libc++";
				CLANG_ENABLE_MODULES = YES;
				CLANG_ENABLE_OBJC_ARC = YES;
				CLANG_ENABLE_OBJC_WEAK = YES;
				CLANG_WARN_BLOCK_CAPTURE_AUTORELEASING = YES;
				CLANG_WARN_BOOL_CONVERSION = YES;
				CLANG_WARN_COMMA = YES;
				CLANG_WARN_CONSTANT_CONVERSION = YES;
				CLANG_WARN_DEPRECATED_OBJC_IMPLEMENTATIONS = YES;
				CLANG_WARN_DIRECT_OBJC_ISA_USAGE = YES_ERROR;
				CLANG_WARN_DOCUMENTATION_COMMENTS = YES;
				CLANG_WARN_EMPTY_BODY = YES;
				CLANG_WARN_ENUM_CONVERSION = YES;
				CLANG_WARN_INFINITE_RECURSION = YES;
				CLANG_WARN_INT_CONVERSION = YES;
				CLANG_WARN_NON_LITERAL_NULL_CONVERSION = YES;
				CLANG_WARN_OBJC_IMPLICIT_RETAIN_SELF = YES;
				CLANG_WARN_OBJC_LITERAL_CONVERSION = YES;
				CLANG_WARN_OBJC_ROOT_CLASS = YES_ERROR;
				CLANG_WARN_QUOTED_INCLUDE_IN_FRAMEWORK_HEADER = YES;
				CLANG_WARN_RANGE_LOOP_ANALYSIS = YES;
				CLANG_WARN_STRICT_PROTOTYPES = YES;
				CLANG_WARN_SUSPICIOUS_MOVE = YES;
				CLANG_WARN_UNGUARDED_AVAILABILITY = YES_AGGRESSIVE;
				CLANG_WARN_UNREACHABLE_CODE = YES;
				CLANG_WARN__DUPLICATE_METHOD_MATCH = YES;
				COPY_PHASE_STRIP = NO;
				DEBUG_INFORMATION_FORMAT = "dwarf-with-dsym";
				ENABLE_NS_ASSERTIONS = NO;
				ENABLE_STRICT_OBJC_MSGSEND = YES;
				GCC_C_LANGUAGE_STANDARD = gnu11;
				GCC_NO_COMMON_BLOCKS = YES;
				GCC_WARN_64_TO_32_BIT_CONVERSION = YES;
				GCC_WARN_ABOUT_RETURN_TYPE = YES_ERROR;
				GCC_WARN_UNDECLARED_SELECTOR = YES;
				GCC_WARN_UNINITIALIZED_AUTOS = YES_AGGRESSIVE;
				GCC_WARN_UNUSED_FUNCTION = YES;
				GCC_WARN_UNUSED_VARIABLE = YES;
				IPHONEOS_DEPLOYMENT_TARGET = 14.5;
				MTL_ENABLE_DEBUG_INFO = NO;
				MTL_FAST_MATH = YES;
				SDKROOT = iphoneos;
				SWIFT_COMPILATION_MODE = wholemodule;
				SWIFT_OPTIMIZATION_LEVEL = "-O";
				VALIDATE_PRODUCT = YES;
			};
			name = ReleaseDev;
		};
		DB17654328B99EF7004D2115 /* ReleaseDev */ = {
			isa = XCBuildConfiguration;
			buildSettings = {
				ASSETCATALOG_COMPILER_APPICON_NAME = AppIcon;
				ASSETCATALOG_COMPILER_GLOBAL_ACCENT_COLOR_NAME = AccentColor;
				CODE_SIGN_STYLE = Automatic;
				DEVELOPMENT_ASSET_PATHS = "\"MyGBShop/Preview Content\"";
				ENABLE_PREVIEWS = YES;
				INFOPLIST_FILE = MyGBShop/Info.plist;
				LD_RUNPATH_SEARCH_PATHS = (
					"$(inherited)",
					"@executable_path/Frameworks",
				);
				PRODUCT_BUNDLE_IDENTIFIER = "-.MyGBShop";
				PRODUCT_NAME = "$(TARGET_NAME)";
				SWIFT_ACTIVE_COMPILATION_CONDITIONS = DEV;
				SWIFT_VERSION = 5.0;
				TARGETED_DEVICE_FAMILY = "1,2";
			};
			name = ReleaseDev;
		};
		DB17654428B99EF7004D2115 /* ReleaseDev */ = {
			isa = XCBuildConfiguration;
			buildSettings = {
				ALWAYS_EMBED_SWIFT_STANDARD_LIBRARIES = YES;
				BUNDLE_LOADER = "$(TEST_HOST)";
				CODE_SIGN_STYLE = Automatic;
				INFOPLIST_FILE = MyGBShopTests/Info.plist;
				IPHONEOS_DEPLOYMENT_TARGET = 14.5;
				LD_RUNPATH_SEARCH_PATHS = (
					"$(inherited)",
					"@executable_path/Frameworks",
					"@loader_path/Frameworks",
				);
				PRODUCT_BUNDLE_IDENTIFIER = "-.MyGBShopTests";
				PRODUCT_NAME = "$(TARGET_NAME)";
				SWIFT_VERSION = 5.0;
				TARGETED_DEVICE_FAMILY = "1,2";
				TEST_HOST = "$(BUILT_PRODUCTS_DIR)/MyGBShop.app/MyGBShop";
			};
			name = ReleaseDev;
		};
		DB17654528B99EF7004D2115 /* ReleaseDev */ = {
			isa = XCBuildConfiguration;
			buildSettings = {
				ALWAYS_EMBED_SWIFT_STANDARD_LIBRARIES = YES;
				CODE_SIGN_STYLE = Automatic;
				INFOPLIST_FILE = MyGBShopUITests/Info.plist;
				LD_RUNPATH_SEARCH_PATHS = (
					"$(inherited)",
					"@executable_path/Frameworks",
					"@loader_path/Frameworks",
				);
				PRODUCT_BUNDLE_IDENTIFIER = "-.MyGBShopUITests";
				PRODUCT_NAME = "$(TARGET_NAME)";
				SWIFT_VERSION = 5.0;
				TARGETED_DEVICE_FAMILY = "1,2";
				TEST_TARGET_NAME = MyGBShop;
			};
			name = ReleaseDev;
		};
		DBFCE281285F9B5C00AE1D06 /* Debug */ = {
			isa = XCBuildConfiguration;
			buildSettings = {
				ALWAYS_SEARCH_USER_PATHS = NO;
				CLANG_ANALYZER_NONNULL = YES;
				CLANG_ANALYZER_NUMBER_OBJECT_CONVERSION = YES_AGGRESSIVE;
				CLANG_CXX_LANGUAGE_STANDARD = "gnu++14";
				CLANG_CXX_LIBRARY = "libc++";
				CLANG_ENABLE_MODULES = YES;
				CLANG_ENABLE_OBJC_ARC = YES;
				CLANG_ENABLE_OBJC_WEAK = YES;
				CLANG_WARN_BLOCK_CAPTURE_AUTORELEASING = YES;
				CLANG_WARN_BOOL_CONVERSION = YES;
				CLANG_WARN_COMMA = YES;
				CLANG_WARN_CONSTANT_CONVERSION = YES;
				CLANG_WARN_DEPRECATED_OBJC_IMPLEMENTATIONS = YES;
				CLANG_WARN_DIRECT_OBJC_ISA_USAGE = YES_ERROR;
				CLANG_WARN_DOCUMENTATION_COMMENTS = YES;
				CLANG_WARN_EMPTY_BODY = YES;
				CLANG_WARN_ENUM_CONVERSION = YES;
				CLANG_WARN_INFINITE_RECURSION = YES;
				CLANG_WARN_INT_CONVERSION = YES;
				CLANG_WARN_NON_LITERAL_NULL_CONVERSION = YES;
				CLANG_WARN_OBJC_IMPLICIT_RETAIN_SELF = YES;
				CLANG_WARN_OBJC_LITERAL_CONVERSION = YES;
				CLANG_WARN_OBJC_ROOT_CLASS = YES_ERROR;
				CLANG_WARN_QUOTED_INCLUDE_IN_FRAMEWORK_HEADER = YES;
				CLANG_WARN_RANGE_LOOP_ANALYSIS = YES;
				CLANG_WARN_STRICT_PROTOTYPES = YES;
				CLANG_WARN_SUSPICIOUS_MOVE = YES;
				CLANG_WARN_UNGUARDED_AVAILABILITY = YES_AGGRESSIVE;
				CLANG_WARN_UNREACHABLE_CODE = YES;
				CLANG_WARN__DUPLICATE_METHOD_MATCH = YES;
				COPY_PHASE_STRIP = NO;
				DEBUG_INFORMATION_FORMAT = dwarf;
				ENABLE_STRICT_OBJC_MSGSEND = YES;
				ENABLE_TESTABILITY = YES;
				GCC_C_LANGUAGE_STANDARD = gnu11;
				GCC_DYNAMIC_NO_PIC = NO;
				GCC_NO_COMMON_BLOCKS = YES;
				GCC_OPTIMIZATION_LEVEL = 0;
				GCC_PREPROCESSOR_DEFINITIONS = (
					"DEBUG=1",
					"$(inherited)",
				);
				GCC_WARN_64_TO_32_BIT_CONVERSION = YES;
				GCC_WARN_ABOUT_RETURN_TYPE = YES_ERROR;
				GCC_WARN_UNDECLARED_SELECTOR = YES;
				GCC_WARN_UNINITIALIZED_AUTOS = YES_AGGRESSIVE;
				GCC_WARN_UNUSED_FUNCTION = YES;
				GCC_WARN_UNUSED_VARIABLE = YES;
				IPHONEOS_DEPLOYMENT_TARGET = 14.5;
				MTL_ENABLE_DEBUG_INFO = INCLUDE_SOURCE;
				MTL_FAST_MATH = YES;
				ONLY_ACTIVE_ARCH = YES;
				SDKROOT = iphoneos;
				SWIFT_ACTIVE_COMPILATION_CONDITIONS = DEBUG;
				SWIFT_OPTIMIZATION_LEVEL = "-Onone";
			};
			name = Debug;
		};
		DBFCE282285F9B5C00AE1D06 /* Release */ = {
			isa = XCBuildConfiguration;
			buildSettings = {
				ALWAYS_SEARCH_USER_PATHS = NO;
				CLANG_ANALYZER_NONNULL = YES;
				CLANG_ANALYZER_NUMBER_OBJECT_CONVERSION = YES_AGGRESSIVE;
				CLANG_CXX_LANGUAGE_STANDARD = "gnu++14";
				CLANG_CXX_LIBRARY = "libc++";
				CLANG_ENABLE_MODULES = YES;
				CLANG_ENABLE_OBJC_ARC = YES;
				CLANG_ENABLE_OBJC_WEAK = YES;
				CLANG_WARN_BLOCK_CAPTURE_AUTORELEASING = YES;
				CLANG_WARN_BOOL_CONVERSION = YES;
				CLANG_WARN_COMMA = YES;
				CLANG_WARN_CONSTANT_CONVERSION = YES;
				CLANG_WARN_DEPRECATED_OBJC_IMPLEMENTATIONS = YES;
				CLANG_WARN_DIRECT_OBJC_ISA_USAGE = YES_ERROR;
				CLANG_WARN_DOCUMENTATION_COMMENTS = YES;
				CLANG_WARN_EMPTY_BODY = YES;
				CLANG_WARN_ENUM_CONVERSION = YES;
				CLANG_WARN_INFINITE_RECURSION = YES;
				CLANG_WARN_INT_CONVERSION = YES;
				CLANG_WARN_NON_LITERAL_NULL_CONVERSION = YES;
				CLANG_WARN_OBJC_IMPLICIT_RETAIN_SELF = YES;
				CLANG_WARN_OBJC_LITERAL_CONVERSION = YES;
				CLANG_WARN_OBJC_ROOT_CLASS = YES_ERROR;
				CLANG_WARN_QUOTED_INCLUDE_IN_FRAMEWORK_HEADER = YES;
				CLANG_WARN_RANGE_LOOP_ANALYSIS = YES;
				CLANG_WARN_STRICT_PROTOTYPES = YES;
				CLANG_WARN_SUSPICIOUS_MOVE = YES;
				CLANG_WARN_UNGUARDED_AVAILABILITY = YES_AGGRESSIVE;
				CLANG_WARN_UNREACHABLE_CODE = YES;
				CLANG_WARN__DUPLICATE_METHOD_MATCH = YES;
				COPY_PHASE_STRIP = NO;
				DEBUG_INFORMATION_FORMAT = "dwarf-with-dsym";
				ENABLE_NS_ASSERTIONS = NO;
				ENABLE_STRICT_OBJC_MSGSEND = YES;
				GCC_C_LANGUAGE_STANDARD = gnu11;
				GCC_NO_COMMON_BLOCKS = YES;
				GCC_WARN_64_TO_32_BIT_CONVERSION = YES;
				GCC_WARN_ABOUT_RETURN_TYPE = YES_ERROR;
				GCC_WARN_UNDECLARED_SELECTOR = YES;
				GCC_WARN_UNINITIALIZED_AUTOS = YES_AGGRESSIVE;
				GCC_WARN_UNUSED_FUNCTION = YES;
				GCC_WARN_UNUSED_VARIABLE = YES;
				IPHONEOS_DEPLOYMENT_TARGET = 14.5;
				MTL_ENABLE_DEBUG_INFO = NO;
				MTL_FAST_MATH = YES;
				SDKROOT = iphoneos;
				SWIFT_COMPILATION_MODE = wholemodule;
				SWIFT_OPTIMIZATION_LEVEL = "-O";
				VALIDATE_PRODUCT = YES;
			};
			name = Release;
		};
		DBFCE284285F9B5C00AE1D06 /* Debug */ = {
			isa = XCBuildConfiguration;
			buildSettings = {
				ASSETCATALOG_COMPILER_APPICON_NAME = AppIcon;
				ASSETCATALOG_COMPILER_GLOBAL_ACCENT_COLOR_NAME = AccentColor;
				CODE_SIGN_STYLE = Automatic;
				DEVELOPMENT_ASSET_PATHS = "\"MyGBShop/Preview Content\"";
				ENABLE_PREVIEWS = YES;
				INFOPLIST_FILE = MyGBShop/Info.plist;
				LD_RUNPATH_SEARCH_PATHS = (
					"$(inherited)",
					"@executable_path/Frameworks",
				);
				PRODUCT_BUNDLE_IDENTIFIER = "-.MyGBShop";
				PRODUCT_NAME = "$(TARGET_NAME)";
				SWIFT_ACTIVE_COMPILATION_CONDITIONS = "DEBUG LOCAL";
				SWIFT_VERSION = 5.0;
				TARGETED_DEVICE_FAMILY = "1,2";
			};
			name = Debug;
		};
		DBFCE285285F9B5C00AE1D06 /* Release */ = {
			isa = XCBuildConfiguration;
			buildSettings = {
				ASSETCATALOG_COMPILER_APPICON_NAME = AppIcon;
				ASSETCATALOG_COMPILER_GLOBAL_ACCENT_COLOR_NAME = AccentColor;
				CODE_SIGN_STYLE = Automatic;
				DEVELOPMENT_ASSET_PATHS = "\"MyGBShop/Preview Content\"";
				ENABLE_PREVIEWS = YES;
				INFOPLIST_FILE = MyGBShop/Info.plist;
				LD_RUNPATH_SEARCH_PATHS = (
					"$(inherited)",
					"@executable_path/Frameworks",
				);
				PRODUCT_BUNDLE_IDENTIFIER = "-.MyGBShop";
				PRODUCT_NAME = "$(TARGET_NAME)";
				SWIFT_ACTIVE_COMPILATION_CONDITIONS = LOCAL;
				SWIFT_VERSION = 5.0;
				TARGETED_DEVICE_FAMILY = "1,2";
			};
			name = Release;
		};
		DBFCE287285F9B5C00AE1D06 /* Debug */ = {
			isa = XCBuildConfiguration;
			buildSettings = {
				ALWAYS_EMBED_SWIFT_STANDARD_LIBRARIES = YES;
				BUNDLE_LOADER = "$(TEST_HOST)";
				CODE_SIGN_STYLE = Automatic;
				INFOPLIST_FILE = MyGBShopTests/Info.plist;
				IPHONEOS_DEPLOYMENT_TARGET = 14.5;
				LD_RUNPATH_SEARCH_PATHS = (
					"$(inherited)",
					"@executable_path/Frameworks",
					"@loader_path/Frameworks",
				);
				PRODUCT_BUNDLE_IDENTIFIER = "-.MyGBShopTests";
				PRODUCT_NAME = "$(TARGET_NAME)";
				SWIFT_VERSION = 5.0;
				TARGETED_DEVICE_FAMILY = "1,2";
				TEST_HOST = "$(BUILT_PRODUCTS_DIR)/MyGBShop.app/MyGBShop";
			};
			name = Debug;
		};
		DBFCE288285F9B5C00AE1D06 /* Release */ = {
			isa = XCBuildConfiguration;
			buildSettings = {
				ALWAYS_EMBED_SWIFT_STANDARD_LIBRARIES = YES;
				BUNDLE_LOADER = "$(TEST_HOST)";
				CODE_SIGN_STYLE = Automatic;
				INFOPLIST_FILE = MyGBShopTests/Info.plist;
				IPHONEOS_DEPLOYMENT_TARGET = 14.5;
				LD_RUNPATH_SEARCH_PATHS = (
					"$(inherited)",
					"@executable_path/Frameworks",
					"@loader_path/Frameworks",
				);
				PRODUCT_BUNDLE_IDENTIFIER = "-.MyGBShopTests";
				PRODUCT_NAME = "$(TARGET_NAME)";
				SWIFT_VERSION = 5.0;
				TARGETED_DEVICE_FAMILY = "1,2";
				TEST_HOST = "$(BUILT_PRODUCTS_DIR)/MyGBShop.app/MyGBShop";
			};
			name = Release;
		};
		DBFCE28A285F9B5C00AE1D06 /* Debug */ = {
			isa = XCBuildConfiguration;
			buildSettings = {
				ALWAYS_EMBED_SWIFT_STANDARD_LIBRARIES = YES;
				CODE_SIGN_STYLE = Automatic;
				INFOPLIST_FILE = MyGBShopUITests/Info.plist;
				LD_RUNPATH_SEARCH_PATHS = (
					"$(inherited)",
					"@executable_path/Frameworks",
					"@loader_path/Frameworks",
				);
				PRODUCT_BUNDLE_IDENTIFIER = "-.MyGBShopUITests";
				PRODUCT_NAME = "$(TARGET_NAME)";
				SWIFT_VERSION = 5.0;
				TARGETED_DEVICE_FAMILY = "1,2";
				TEST_TARGET_NAME = MyGBShop;
			};
			name = Debug;
		};
		DBFCE28B285F9B5C00AE1D06 /* Release */ = {
			isa = XCBuildConfiguration;
			buildSettings = {
				ALWAYS_EMBED_SWIFT_STANDARD_LIBRARIES = YES;
				CODE_SIGN_STYLE = Automatic;
				INFOPLIST_FILE = MyGBShopUITests/Info.plist;
				LD_RUNPATH_SEARCH_PATHS = (
					"$(inherited)",
					"@executable_path/Frameworks",
					"@loader_path/Frameworks",
				);
				PRODUCT_BUNDLE_IDENTIFIER = "-.MyGBShopUITests";
				PRODUCT_NAME = "$(TARGET_NAME)";
				SWIFT_VERSION = 5.0;
				TARGETED_DEVICE_FAMILY = "1,2";
				TEST_TARGET_NAME = MyGBShop;
			};
			name = Release;
		};
/* End XCBuildConfiguration section */

/* Begin XCConfigurationList section */
		DBFCE254285F9B5800AE1D06 /* Build configuration list for PBXProject "MyGBShop" */ = {
			isa = XCConfigurationList;
			buildConfigurations = (
				DBFCE281285F9B5C00AE1D06 /* Debug */,
				DB17653E28B99EEF004D2115 /* DebugDev */,
				DB17653628B99ECD004D2115 /* DebugProd */,
				DB17652E28B99EA8004D2115 /* DebugDemo */,
				DB17652628B99E77004D2115 /* DebugQA */,
				DBFCE282285F9B5C00AE1D06 /* Release */,
				DB17654228B99EF7004D2115 /* ReleaseDev */,
				DB17653A28B99ED6004D2115 /* ReleaseProd */,
				DB17653228B99EC1004D2115 /* ReleaseDemo */,
				DB17652A28B99E95004D2115 /* ReleaseQA */,
			);
			defaultConfigurationIsVisible = 0;
			defaultConfigurationName = Release;
		};
		DBFCE283285F9B5C00AE1D06 /* Build configuration list for PBXNativeTarget "MyGBShop" */ = {
			isa = XCConfigurationList;
			buildConfigurations = (
				DBFCE284285F9B5C00AE1D06 /* Debug */,
				DB17653F28B99EEF004D2115 /* DebugDev */,
				DB17653728B99ECD004D2115 /* DebugProd */,
				DB17652F28B99EA8004D2115 /* DebugDemo */,
				DB17652728B99E77004D2115 /* DebugQA */,
				DBFCE285285F9B5C00AE1D06 /* Release */,
				DB17654328B99EF7004D2115 /* ReleaseDev */,
				DB17653B28B99ED6004D2115 /* ReleaseProd */,
				DB17653328B99EC1004D2115 /* ReleaseDemo */,
				DB17652B28B99E95004D2115 /* ReleaseQA */,
			);
			defaultConfigurationIsVisible = 0;
			defaultConfigurationName = Release;
		};
		DBFCE286285F9B5C00AE1D06 /* Build configuration list for PBXNativeTarget "MyGBShopTests" */ = {
			isa = XCConfigurationList;
			buildConfigurations = (
				DBFCE287285F9B5C00AE1D06 /* Debug */,
				DB17654028B99EEF004D2115 /* DebugDev */,
				DB17653828B99ECD004D2115 /* DebugProd */,
				DB17653028B99EA8004D2115 /* DebugDemo */,
				DB17652828B99E77004D2115 /* DebugQA */,
				DBFCE288285F9B5C00AE1D06 /* Release */,
				DB17654428B99EF7004D2115 /* ReleaseDev */,
				DB17653C28B99ED6004D2115 /* ReleaseProd */,
				DB17653428B99EC1004D2115 /* ReleaseDemo */,
				DB17652C28B99E95004D2115 /* ReleaseQA */,
			);
			defaultConfigurationIsVisible = 0;
			defaultConfigurationName = Release;
		};
		DBFCE289285F9B5C00AE1D06 /* Build configuration list for PBXNativeTarget "MyGBShopUITests" */ = {
			isa = XCConfigurationList;
			buildConfigurations = (
				DBFCE28A285F9B5C00AE1D06 /* Debug */,
				DB17654128B99EEF004D2115 /* DebugDev */,
				DB17653928B99ECD004D2115 /* DebugProd */,
				DB17653128B99EA8004D2115 /* DebugDemo */,
				DB17652928B99E77004D2115 /* DebugQA */,
				DBFCE28B285F9B5C00AE1D06 /* Release */,
				DB17654528B99EF7004D2115 /* ReleaseDev */,
				DB17653D28B99ED6004D2115 /* ReleaseProd */,
				DB17653528B99EC1004D2115 /* ReleaseDemo */,
				DB17652D28B99E95004D2115 /* ReleaseQA */,
			);
			defaultConfigurationIsVisible = 0;
			defaultConfigurationName = Release;
		};
/* End XCConfigurationList section */

/* Begin XCRemoteSwiftPackageReference section */
		DB5048F728B58E0C00DFCC77 /* XCRemoteSwiftPackageReference "firebase-ios-sdk" */ = {
			isa = XCRemoteSwiftPackageReference;
			repositoryURL = "https://github.com/firebase/firebase-ios-sdk";
			requirement = {
				branch = master;
				kind = branch;
			};
		};
		DB93AD3E2894AAE600C4B799 /* XCRemoteSwiftPackageReference "SDWebImage" */ = {
			isa = XCRemoteSwiftPackageReference;
			repositoryURL = "https://github.com/SDWebImage/SDWebImage.git";
			requirement = {
				kind = upToNextMajorVersion;
				minimumVersion = 5.0.0;
			};
		};
		DBBAD0B82863B88200242D6D /* XCRemoteSwiftPackageReference "Alamofire" */ = {
			isa = XCRemoteSwiftPackageReference;
			repositoryURL = "https://github.com/Alamofire/Alamofire.git";
			requirement = {
				kind = upToNextMajorVersion;
				minimumVersion = 5.6.1;
			};
		};
/* End XCRemoteSwiftPackageReference section */

/* Begin XCSwiftPackageProductDependency section */
		DB5048F828B58E0C00DFCC77 /* FirebaseAnalytics */ = {
			isa = XCSwiftPackageProductDependency;
			package = DB5048F728B58E0C00DFCC77 /* XCRemoteSwiftPackageReference "firebase-ios-sdk" */;
			productName = FirebaseAnalytics;
		};
		DB5048FA28B58E0C00DFCC77 /* FirebaseCrashlytics */ = {
			isa = XCSwiftPackageProductDependency;
			package = DB5048F728B58E0C00DFCC77 /* XCRemoteSwiftPackageReference "firebase-ios-sdk" */;
			productName = FirebaseCrashlytics;
		};
		DB93AD3F2894AAE600C4B799 /* SDWebImage */ = {
			isa = XCSwiftPackageProductDependency;
			package = DB93AD3E2894AAE600C4B799 /* XCRemoteSwiftPackageReference "SDWebImage" */;
			productName = SDWebImage;
		};
		DBBAD0B92863B88200242D6D /* Alamofire */ = {
			isa = XCSwiftPackageProductDependency;
			package = DBBAD0B82863B88200242D6D /* XCRemoteSwiftPackageReference "Alamofire" */;
			productName = Alamofire;
		};
/* End XCSwiftPackageProductDependency section */
	};
	rootObject = DBFCE251285F9B5800AE1D06 /* Project object */;
}
